
Microsoft Visual Studio Solution File, Format Version 12.00
# Visual Studio Version 16
VisualStudioVersion = 16.0.31911.196
MinimumVisualStudioVersion = 10.0.40219.1
Project("{8BC9CEB8-8B4A-11D0-8D11-00A0C91BC942}") = "C_Neighbours", "C_Neighbours\C_Neighbours.vcxproj", "{C1F5794E-13B6-4960-9756-52BF8E3053EB}"
EndProject
Project("{8BC9CEB8-8B4A-11D0-8D11-00A0C91BC942}") = "D_Chaos_Temp", "D_Chaos_Temp\D_Chaos_Temp.vcxproj", "{376B4BB8-A368-4B15-A8D8-8AE2D59FE4F7}"
EndProject
Project("{8BC9CEB8-8B4A-11D0-8D11-00A0C91BC942}") = "E_Longest_Word", "E_Longest_Word\E_Longest_Word.vcxproj", "{14DB8AFF-8E0A-4EA0-B4F0-0B1320E58348}"
EndProject
Project("{8BC9CEB8-8B4A-11D0-8D11-00A0C91BC942}") = "F_Palindrome", "F_Palindrome\F_Palindrome.vcxproj", "{8C812ADD-ED7F-4F8A-A403-38F2EAAE9251}"
EndProject
Project("{8BC9CEB8-8B4A-11D0-8D11-00A0C91BC942}") = "G_Dec_to_Bin", "G_Dec_to_Bin\G_Dec_to_Bin.vcxproj", "{C3466A47-9870-4B36-BBCB-4F39000C7ADC}"
EndProject
Project("{8BC9CEB8-8B4A-11D0-8D11-00A0C91BC942}") = "H_Bin_Add", "H_Bin_Add\H_Bin_Add.vcxproj", "{9BF3273A-2843-46D1-A935-90FD93E3E90C}"
EndProject
Project("{8BC9CEB8-8B4A-11D0-8D11-00A0C91BC942}") = "I_Pow_4", "I_Pow_4\I_Pow_4.vcxproj", "{5BFCD0AD-BDF7-4537-A576-E712B77F4DA2}"
EndProject
Project("{8BC9CEB8-8B4A-11D0-8D11-00A0C91BC942}") = "J_Factorization", "J_Factorization\J_Factorization.vcxproj", "{CC809C05-035E-4C12-8334-06039BC5E111}"
EndProject
Project("{8BC9CEB8-8B4A-11D0-8D11-00A0C91BC942}") = "K_List", "K_List\K_List.vcxproj", "{79010845-7165-4709-8412-ACF4D6BD6E77}"
EndProject
Project("{8BC9CEB8-8B4A-11D0-8D11-00A0C91BC942}") = "L_String_Compare", "L_String_Compare\L_String_Compare.vcxproj", "{897145DF-2D4A-4F26-9B51-1C86E5319936}"
EndProject
Project("{8BC9CEB8-8B4A-11D0-8D11-00A0C91BC942}") = "Final_Task_1", "Final_Task_1\Final_Task_1.vcxproj", "{9D5AEA99-1216-4590-BE99-01C1A30E7A09}"
EndProject
Project("{8BC9CEB8-8B4A-11D0-8D11-00A0C91BC942}") = "Final_Task_2", "Final_Task_2\Final_Task_2.vcxproj", "{5BF88C7D-B65A-456F-99E5-56377809326C}"
EndProject
Project("{8BC9CEB8-8B4A-11D0-8D11-00A0C91BC942}") = "UnitTestingFinalTask2", "UnitTestFinalTask\UnitTestFinalTask.vcxproj", "{DE595F7C-763D-4C7E-B632-F485642B889B}"
EndProject
Project("{8BC9CEB8-8B4A-11D0-8D11-00A0C91BC942}") = "UnitTestingFinalTask1", "UnitTestingFinalTask1\UnitTestingFinalTask1.vcxproj", "{F4F3DC9A-BAF0-4D03-B7DB-E75A715418EB}"
EndProject
Global
	GlobalSection(SolutionConfigurationPlatforms) = preSolution
		Debug|x64 = Debug|x64
		Debug|x86 = Debug|x86
		Release|x64 = Release|x64
		Release|x86 = Release|x86
	EndGlobalSection
	GlobalSection(ProjectConfigurationPlatforms) = postSolution
		{C1F5794E-13B6-4960-9756-52BF8E3053EB}.Debug|x64.ActiveCfg = Debug|x64
		{C1F5794E-13B6-4960-9756-52BF8E3053EB}.Debug|x64.Build.0 = Debug|x64
		{C1F5794E-13B6-4960-9756-52BF8E3053EB}.Debug|x86.ActiveCfg = Debug|Win32
		{C1F5794E-13B6-4960-9756-52BF8E3053EB}.Debug|x86.Build.0 = Debug|Win32
		{C1F5794E-13B6-4960-9756-52BF8E3053EB}.Release|x64.ActiveCfg = Release|x64
		{C1F5794E-13B6-4960-9756-52BF8E3053EB}.Release|x64.Build.0 = Release|x64
		{C1F5794E-13B6-4960-9756-52BF8E3053EB}.Release|x86.ActiveCfg = Release|Win32
		{C1F5794E-13B6-4960-9756-52BF8E3053EB}.Release|x86.Build.0 = Release|Win32
		{376B4BB8-A368-4B15-A8D8-8AE2D59FE4F7}.Debug|x64.ActiveCfg = Debug|x64
		{376B4BB8-A368-4B15-A8D8-8AE2D59FE4F7}.Debug|x64.Build.0 = Debug|x64
		{376B4BB8-A368-4B15-A8D8-8AE2D59FE4F7}.Debug|x86.ActiveCfg = Debug|Win32
		{376B4BB8-A368-4B15-A8D8-8AE2D59FE4F7}.Debug|x86.Build.0 = Debug|Win32
		{376B4BB8-A368-4B15-A8D8-8AE2D59FE4F7}.Release|x64.ActiveCfg = Release|x64
		{376B4BB8-A368-4B15-A8D8-8AE2D59FE4F7}.Release|x64.Build.0 = Release|x64
		{376B4BB8-A368-4B15-A8D8-8AE2D59FE4F7}.Release|x86.ActiveCfg = Release|Win32
		{376B4BB8-A368-4B15-A8D8-8AE2D59FE4F7}.Release|x86.Build.0 = Release|Win32
		{14DB8AFF-8E0A-4EA0-B4F0-0B1320E58348}.Debug|x64.ActiveCfg = Debug|x64
		{14DB8AFF-8E0A-4EA0-B4F0-0B1320E58348}.Debug|x64.Build.0 = Debug|x64
		{14DB8AFF-8E0A-4EA0-B4F0-0B1320E58348}.Debug|x86.ActiveCfg = Debug|Win32
		{14DB8AFF-8E0A-4EA0-B4F0-0B1320E58348}.Debug|x86.Build.0 = Debug|Win32
		{14DB8AFF-8E0A-4EA0-B4F0-0B1320E58348}.Release|x64.ActiveCfg = Release|x64
		{14DB8AFF-8E0A-4EA0-B4F0-0B1320E58348}.Release|x64.Build.0 = Release|x64
		{14DB8AFF-8E0A-4EA0-B4F0-0B1320E58348}.Release|x86.ActiveCfg = Release|Win32
		{14DB8AFF-8E0A-4EA0-B4F0-0B1320E58348}.Release|x86.Build.0 = Release|Win32
		{8C812ADD-ED7F-4F8A-A403-38F2EAAE9251}.Debug|x64.ActiveCfg = Debug|x64
		{8C812ADD-ED7F-4F8A-A403-38F2EAAE9251}.Debug|x64.Build.0 = Debug|x64
		{8C812ADD-ED7F-4F8A-A403-38F2EAAE9251}.Debug|x86.ActiveCfg = Debug|Win32
		{8C812ADD-ED7F-4F8A-A403-38F2EAAE9251}.Debug|x86.Build.0 = Debug|Win32
		{8C812ADD-ED7F-4F8A-A403-38F2EAAE9251}.Release|x64.ActiveCfg = Release|x64
		{8C812ADD-ED7F-4F8A-A403-38F2EAAE9251}.Release|x64.Build.0 = Release|x64
		{8C812ADD-ED7F-4F8A-A403-38F2EAAE9251}.Release|x86.ActiveCfg = Release|Win32
		{8C812ADD-ED7F-4F8A-A403-38F2EAAE9251}.Release|x86.Build.0 = Release|Win32
		{C3466A47-9870-4B36-BBCB-4F39000C7ADC}.Debug|x64.ActiveCfg = Debug|x64
		{C3466A47-9870-4B36-BBCB-4F39000C7ADC}.Debug|x64.Build.0 = Debug|x64
		{C3466A47-9870-4B36-BBCB-4F39000C7ADC}.Debug|x86.ActiveCfg = Debug|Win32
		{C3466A47-9870-4B36-BBCB-4F39000C7ADC}.Debug|x86.Build.0 = Debug|Win32
		{C3466A47-9870-4B36-BBCB-4F39000C7ADC}.Release|x64.ActiveCfg = Release|x64
		{C3466A47-9870-4B36-BBCB-4F39000C7ADC}.Release|x64.Build.0 = Release|x64
		{C3466A47-9870-4B36-BBCB-4F39000C7ADC}.Release|x86.ActiveCfg = Release|Win32
		{C3466A47-9870-4B36-BBCB-4F39000C7ADC}.Release|x86.Build.0 = Release|Win32
		{9BF3273A-2843-46D1-A935-90FD93E3E90C}.Debug|x64.ActiveCfg = Debug|x64
		{9BF3273A-2843-46D1-A935-90FD93E3E90C}.Debug|x64.Build.0 = Debug|x64
		{9BF3273A-2843-46D1-A935-90FD93E3E90C}.Debug|x86.ActiveCfg = Debug|Win32
		{9BF3273A-2843-46D1-A935-90FD93E3E90C}.Debug|x86.Build.0 = Debug|Win32
		{9BF3273A-2843-46D1-A935-90FD93E3E90C}.Release|x64.ActiveCfg = Release|x64
		{9BF3273A-2843-46D1-A935-90FD93E3E90C}.Release|x64.Build.0 = Release|x64
		{9BF3273A-2843-46D1-A935-90FD93E3E90C}.Release|x86.ActiveCfg = Release|Win32
		{9BF3273A-2843-46D1-A935-90FD93E3E90C}.Release|x86.Build.0 = Release|Win32
		{5BFCD0AD-BDF7-4537-A576-E712B77F4DA2}.Debug|x64.ActiveCfg = Debug|x64
		{5BFCD0AD-BDF7-4537-A576-E712B77F4DA2}.Debug|x64.Build.0 = Debug|x64
		{5BFCD0AD-BDF7-4537-A576-E712B77F4DA2}.Debug|x86.ActiveCfg = Debug|Win32
		{5BFCD0AD-BDF7-4537-A576-E712B77F4DA2}.Debug|x86.Build.0 = Debug|Win32
		{5BFCD0AD-BDF7-4537-A576-E712B77F4DA2}.Release|x64.ActiveCfg = Release|x64
		{5BFCD0AD-BDF7-4537-A576-E712B77F4DA2}.Release|x64.Build.0 = Release|x64
		{5BFCD0AD-BDF7-4537-A576-E712B77F4DA2}.Release|x86.ActiveCfg = Release|Win32
		{5BFCD0AD-BDF7-4537-A576-E712B77F4DA2}.Release|x86.Build.0 = Release|Win32
		{CC809C05-035E-4C12-8334-06039BC5E111}.Debug|x64.ActiveCfg = Debug|x64
		{CC809C05-035E-4C12-8334-06039BC5E111}.Debug|x64.Build.0 = Debug|x64
		{CC809C05-035E-4C12-8334-06039BC5E111}.Debug|x86.ActiveCfg = Debug|Win32
		{CC809C05-035E-4C12-8334-06039BC5E111}.Debug|x86.Build.0 = Debug|Win32
		{CC809C05-035E-4C12-8334-06039BC5E111}.Release|x64.ActiveCfg = Release|x64
		{CC809C05-035E-4C12-8334-06039BC5E111}.Release|x64.Build.0 = Release|x64
		{CC809C05-035E-4C12-8334-06039BC5E111}.Release|x86.ActiveCfg = Release|Win32
		{CC809C05-035E-4C12-8334-06039BC5E111}.Release|x86.Build.0 = Release|Win32
		{79010845-7165-4709-8412-ACF4D6BD6E77}.Debug|x64.ActiveCfg = Debug|x64
		{79010845-7165-4709-8412-ACF4D6BD6E77}.Debug|x64.Build.0 = Debug|x64
		{79010845-7165-4709-8412-ACF4D6BD6E77}.Debug|x86.ActiveCfg = Debug|Win32
		{79010845-7165-4709-8412-ACF4D6BD6E77}.Debug|x86.Build.0 = Debug|Win32
		{79010845-7165-4709-8412-ACF4D6BD6E77}.Release|x64.ActiveCfg = Release|x64
		{79010845-7165-4709-8412-ACF4D6BD6E77}.Release|x64.Build.0 = Release|x64
		{79010845-7165-4709-8412-ACF4D6BD6E77}.Release|x86.ActiveCfg = Release|Win32
		{79010845-7165-4709-8412-ACF4D6BD6E77}.Release|x86.Build.0 = Release|Win32
		{897145DF-2D4A-4F26-9B51-1C86E5319936}.Debug|x64.ActiveCfg = Debug|x64
		{897145DF-2D4A-4F26-9B51-1C86E5319936}.Debug|x64.Build.0 = Debug|x64
		{897145DF-2D4A-4F26-9B51-1C86E5319936}.Debug|x86.ActiveCfg = Debug|Win32
		{897145DF-2D4A-4F26-9B51-1C86E5319936}.Debug|x86.Build.0 = Debug|Win32
		{897145DF-2D4A-4F26-9B51-1C86E5319936}.Release|x64.ActiveCfg = Release|x64
		{897145DF-2D4A-4F26-9B51-1C86E5319936}.Release|x64.Build.0 = Release|x64
		{897145DF-2D4A-4F26-9B51-1C86E5319936}.Release|x86.ActiveCfg = Release|Win32
		{897145DF-2D4A-4F26-9B51-1C86E5319936}.Release|x86.Build.0 = Release|Win32
		{9D5AEA99-1216-4590-BE99-01C1A30E7A09}.Debug|x64.ActiveCfg = Debug|x64
		{9D5AEA99-1216-4590-BE99-01C1A30E7A09}.Debug|x64.Build.0 = Debug|x64
		{9D5AEA99-1216-4590-BE99-01C1A30E7A09}.Debug|x86.ActiveCfg = Debug|Win32
		{9D5AEA99-1216-4590-BE99-01C1A30E7A09}.Debug|x86.Build.0 = Debug|Win32
		{9D5AEA99-1216-4590-BE99-01C1A30E7A09}.Release|x64.ActiveCfg = Release|x64
		{9D5AEA99-1216-4590-BE99-01C1A30E7A09}.Release|x64.Build.0 = Release|x64
		{9D5AEA99-1216-4590-BE99-01C1A30E7A09}.Release|x86.ActiveCfg = Release|Win32
		{9D5AEA99-1216-4590-BE99-01C1A30E7A09}.Release|x86.Build.0 = Release|Win32
		{5BF88C7D-B65A-456F-99E5-56377809326C}.Debug|x64.ActiveCfg = Debug|x64
		{5BF88C7D-B65A-456F-99E5-56377809326C}.Debug|x64.Build.0 = Debug|x64
		{5BF88C7D-B65A-456F-99E5-56377809326C}.Debug|x86.ActiveCfg = Debug|Win32
		{5BF88C7D-B65A-456F-99E5-56377809326C}.Debug|x86.Build.0 = Debug|Win32
		{5BF88C7D-B65A-456F-99E5-56377809326C}.Release|x64.ActiveCfg = Release|x64
		{5BF88C7D-B65A-456F-99E5-56377809326C}.Release|x64.Build.0 = Release|x64
		{5BF88C7D-B65A-456F-99E5-56377809326C}.Release|x86.ActiveCfg = Release|Win32
		{5BF88C7D-B65A-456F-99E5-56377809326C}.Release|x86.Build.0 = Release|Win32
		{DE595F7C-763D-4C7E-B632-F485642B889B}.Debug|x64.ActiveCfg = Debug|x64
		{DE595F7C-763D-4C7E-B632-F485642B889B}.Debug|x64.Build.0 = Debug|x64
		{DE595F7C-763D-4C7E-B632-F485642B889B}.Debug|x86.ActiveCfg = Debug|Win32
		{DE595F7C-763D-4C7E-B632-F485642B889B}.Debug|x86.Build.0 = Debug|Win32
		{DE595F7C-763D-4C7E-B632-F485642B889B}.Release|x64.ActiveCfg = Release|x64
		{DE595F7C-763D-4C7E-B632-F485642B889B}.Release|x64.Build.0 = Release|x64
		{DE595F7C-763D-4C7E-B632-F485642B889B}.Release|x86.ActiveCfg = Release|Win32
		{DE595F7C-763D-4C7E-B632-F485642B889B}.Release|x86.Build.0 = Release|Win32
		{F4F3DC9A-BAF0-4D03-B7DB-E75A715418EB}.Debug|x64.ActiveCfg = Debug|x64
		{F4F3DC9A-BAF0-4D03-B7DB-E75A715418EB}.Debug|x64.Build.0 = Debug|x64
		{F4F3DC9A-BAF0-4D03-B7DB-E75A715418EB}.Debug|x86.ActiveCfg = Debug|Win32
		{F4F3DC9A-BAF0-4D03-B7DB-E75A715418EB}.Debug|x86.Build.0 = Debug|Win32
		{F4F3DC9A-BAF0-4D03-B7DB-E75A715418EB}.Release|x64.ActiveCfg = Release|x64
		{F4F3DC9A-BAF0-4D03-B7DB-E75A715418EB}.Release|x64.Build.0 = Release|x64
		{F4F3DC9A-BAF0-4D03-B7DB-E75A715418EB}.Release|x86.ActiveCfg = Release|Win32
		{F4F3DC9A-BAF0-4D03-B7DB-E75A715418EB}.Release|x86.Build.0 = Release|Win32
	EndGlobalSection
	GlobalSection(SolutionProperties) = preSolution
		HideSolutionNode = FALSE
	EndGlobalSection
	GlobalSection(ExtensibilityGlobals) = postSolution
		SolutionGuid = {C0A0CC51-2B5D-4E69-A7AD-A0126A303A25}
	EndGlobalSection
EndGlobal
