
Microsoft Visual Studio Solution File, Format Version 12.00
# Visual Studio Version 16
VisualStudioVersion = 16.0.31911.196
MinimumVisualStudioVersion = 10.0.40219.1
Project("{8BC9CEB8-8B4A-11D0-8D11-00A0C91BC942}") = "A_Bulbs", "A_Bulbs\A_Bulbs.vcxproj", "{3F047C9D-6181-40A1-AFD0-8259E74DA21F}"
EndProject
Project("{8BC9CEB8-8B4A-11D0-8D11-00A0C91BC942}") = "E_Tree_Search", "E_Tree_Search\E_Tree_Search.vcxproj", "{CA190990-BE32-4898-A5BB-15B7CFF4AF48}"
EndProject
Project("{8BC9CEB8-8B4A-11D0-8D11-00A0C91BC942}") = "I_Number_Of_Different_Trees", "I_Number_Of_Different_Trees\I_Number_Of_Different_Trees.vcxproj", "{82F5BA84-03EA-44C3-914D-3F90D4A56528}"
EndProject
Project("{8BC9CEB8-8B4A-11D0-8D11-00A0C91BC942}") = "K_Intervals_In_Binary", "K_Intervals_In_Binary\K_Intervals_In_Binary.vcxproj", "{173798A1-AF4A-4DBA-9CEC-5D8C9F6F0E28}"
EndProject
Project("{8BC9CEB8-8B4A-11D0-8D11-00A0C91BC942}") = "J_Add_Node_In_BST", "J_Add_Node_In_BST\J_Add_Node_In_BST.vcxproj", "{BEF12A2B-FD81-499B-BFC1-CE116C3C8847}"
EndProject
Project("{8BC9CEB8-8B4A-11D0-8D11-00A0C91BC942}") = "P_Final_2_Delete_Node", "P_Final_2_Delete_Node\Final_2_Delete_Node.vcxproj", "{FA9699C2-3B19-4983-96CC-BB9D7FB5B6C4}"
EndProject
Project("{8BC9CEB8-8B4A-11D0-8D11-00A0C91BC942}") = "B_Balanced_Trees", "B_Balanced_Trees\B_Balanced_Trees.vcxproj", "{FB9F649D-D0EA-43B8-8683-E2A3987105D6}"
EndProject
Project("{8BC9CEB8-8B4A-11D0-8D11-00A0C91BC942}") = "L_Sifting_Down", "L_Sifting_Down\L_Sifting_Down.vcxproj", "{CA70A8B3-16F7-4448-AD34-22C231CF4A11}"
EndProject
Project("{8BC9CEB8-8B4A-11D0-8D11-00A0C91BC942}") = "M_Sifting_Up", "M_Sifting_Up\M_Sifting_Up.vcxproj", "{B3E0022F-9072-43F7-BDDA-B3CA6AEFD831}"
EndProject
Project("{8BC9CEB8-8B4A-11D0-8D11-00A0C91BC942}") = "N_Tree_Split", "N_Tree_Split\N_Tree_Split.vcxproj", "{2785F845-4C9F-4DCD-8917-CC5DD48405AD}"
EndProject
Project("{8BC9CEB8-8B4A-11D0-8D11-00A0C91BC942}") = "C_Trees_Anagram", "C_Tree_Anagramm\C_Tree_Anagramm.vcxproj", "{0872717B-11D2-40D6-960B-EE7E8E78DAA7}"
EndProject
Project("{8BC9CEB8-8B4A-11D0-8D11-00A0C91BC942}") = "D_Trees_Twins", "D_Trees_Twins\D_Trees_Twins.vcxproj", "{E909C6A7-0072-44EF-B507-EF2C15F3EE33}"
EndProject
Project("{8BC9CEB8-8B4A-11D0-8D11-00A0C91BC942}") = "O_Final_1_Heap_Sort", "O_Final_1_Heap_Sort\Final_1_Heap_Sort.vcxproj", "{BD2DE578-3174-41C5-9B2C-8AD7C360E7C2}"
EndProject
Project("{8BC9CEB8-8B4A-11D0-8D11-00A0C91BC942}") = "F_Max_Depth", "F_Max_Depth\F_Max_Depth.vcxproj", "{2BF6E020-333D-4021-AF25-3775AF019E44}"
EndProject
Project("{8BC9CEB8-8B4A-11D0-8D11-00A0C91BC942}") = "G_Max_Path", "G_Max_Path\G_Max_Path.vcxproj", "{3A9D0D06-5CE1-4D67-B448-2356820E8381}"
EndProject
Project("{8BC9CEB8-8B4A-11D0-8D11-00A0C91BC942}") = "H_Numerical_Trails", "H_Numerical_Trails\H_Numerical_Trails.vcxproj", "{9F617092-47F5-49E6-AE21-ECD74900929E}"
EndProject
Global
	GlobalSection(SolutionConfigurationPlatforms) = preSolution
		Debug|x64 = Debug|x64
		Debug|x86 = Debug|x86
		Release|x64 = Release|x64
		Release|x86 = Release|x86
	EndGlobalSection
	GlobalSection(ProjectConfigurationPlatforms) = postSolution
		{3F047C9D-6181-40A1-AFD0-8259E74DA21F}.Debug|x64.ActiveCfg = Debug|x64
		{3F047C9D-6181-40A1-AFD0-8259E74DA21F}.Debug|x64.Build.0 = Debug|x64
		{3F047C9D-6181-40A1-AFD0-8259E74DA21F}.Debug|x86.ActiveCfg = Debug|Win32
		{3F047C9D-6181-40A1-AFD0-8259E74DA21F}.Debug|x86.Build.0 = Debug|Win32
		{3F047C9D-6181-40A1-AFD0-8259E74DA21F}.Release|x64.ActiveCfg = Release|x64
		{3F047C9D-6181-40A1-AFD0-8259E74DA21F}.Release|x64.Build.0 = Release|x64
		{3F047C9D-6181-40A1-AFD0-8259E74DA21F}.Release|x86.ActiveCfg = Release|Win32
		{3F047C9D-6181-40A1-AFD0-8259E74DA21F}.Release|x86.Build.0 = Release|Win32
		{CA190990-BE32-4898-A5BB-15B7CFF4AF48}.Debug|x64.ActiveCfg = Debug|x64
		{CA190990-BE32-4898-A5BB-15B7CFF4AF48}.Debug|x64.Build.0 = Debug|x64
		{CA190990-BE32-4898-A5BB-15B7CFF4AF48}.Debug|x86.ActiveCfg = Debug|Win32
		{CA190990-BE32-4898-A5BB-15B7CFF4AF48}.Debug|x86.Build.0 = Debug|Win32
		{CA190990-BE32-4898-A5BB-15B7CFF4AF48}.Release|x64.ActiveCfg = Release|x64
		{CA190990-BE32-4898-A5BB-15B7CFF4AF48}.Release|x64.Build.0 = Release|x64
		{CA190990-BE32-4898-A5BB-15B7CFF4AF48}.Release|x86.ActiveCfg = Release|Win32
		{CA190990-BE32-4898-A5BB-15B7CFF4AF48}.Release|x86.Build.0 = Release|Win32
		{82F5BA84-03EA-44C3-914D-3F90D4A56528}.Debug|x64.ActiveCfg = Debug|x64
		{82F5BA84-03EA-44C3-914D-3F90D4A56528}.Debug|x64.Build.0 = Debug|x64
		{82F5BA84-03EA-44C3-914D-3F90D4A56528}.Debug|x86.ActiveCfg = Debug|Win32
		{82F5BA84-03EA-44C3-914D-3F90D4A56528}.Debug|x86.Build.0 = Debug|Win32
		{82F5BA84-03EA-44C3-914D-3F90D4A56528}.Release|x64.ActiveCfg = Release|x64
		{82F5BA84-03EA-44C3-914D-3F90D4A56528}.Release|x64.Build.0 = Release|x64
		{82F5BA84-03EA-44C3-914D-3F90D4A56528}.Release|x86.ActiveCfg = Release|Win32
		{82F5BA84-03EA-44C3-914D-3F90D4A56528}.Release|x86.Build.0 = Release|Win32
		{173798A1-AF4A-4DBA-9CEC-5D8C9F6F0E28}.Debug|x64.ActiveCfg = Debug|x64
		{173798A1-AF4A-4DBA-9CEC-5D8C9F6F0E28}.Debug|x64.Build.0 = Debug|x64
		{173798A1-AF4A-4DBA-9CEC-5D8C9F6F0E28}.Debug|x86.ActiveCfg = Debug|Win32
		{173798A1-AF4A-4DBA-9CEC-5D8C9F6F0E28}.Debug|x86.Build.0 = Debug|Win32
		{173798A1-AF4A-4DBA-9CEC-5D8C9F6F0E28}.Release|x64.ActiveCfg = Release|x64
		{173798A1-AF4A-4DBA-9CEC-5D8C9F6F0E28}.Release|x64.Build.0 = Release|x64
		{173798A1-AF4A-4DBA-9CEC-5D8C9F6F0E28}.Release|x86.ActiveCfg = Release|Win32
		{173798A1-AF4A-4DBA-9CEC-5D8C9F6F0E28}.Release|x86.Build.0 = Release|Win32
		{BEF12A2B-FD81-499B-BFC1-CE116C3C8847}.Debug|x64.ActiveCfg = Debug|x64
		{BEF12A2B-FD81-499B-BFC1-CE116C3C8847}.Debug|x64.Build.0 = Debug|x64
		{BEF12A2B-FD81-499B-BFC1-CE116C3C8847}.Debug|x86.ActiveCfg = Debug|Win32
		{BEF12A2B-FD81-499B-BFC1-CE116C3C8847}.Debug|x86.Build.0 = Debug|Win32
		{BEF12A2B-FD81-499B-BFC1-CE116C3C8847}.Release|x64.ActiveCfg = Release|x64
		{BEF12A2B-FD81-499B-BFC1-CE116C3C8847}.Release|x64.Build.0 = Release|x64
		{BEF12A2B-FD81-499B-BFC1-CE116C3C8847}.Release|x86.ActiveCfg = Release|Win32
		{BEF12A2B-FD81-499B-BFC1-CE116C3C8847}.Release|x86.Build.0 = Release|Win32
		{FA9699C2-3B19-4983-96CC-BB9D7FB5B6C4}.Debug|x64.ActiveCfg = Debug|x64
		{FA9699C2-3B19-4983-96CC-BB9D7FB5B6C4}.Debug|x64.Build.0 = Debug|x64
		{FA9699C2-3B19-4983-96CC-BB9D7FB5B6C4}.Debug|x86.ActiveCfg = Debug|Win32
		{FA9699C2-3B19-4983-96CC-BB9D7FB5B6C4}.Debug|x86.Build.0 = Debug|Win32
		{FA9699C2-3B19-4983-96CC-BB9D7FB5B6C4}.Release|x64.ActiveCfg = Release|x64
		{FA9699C2-3B19-4983-96CC-BB9D7FB5B6C4}.Release|x64.Build.0 = Release|x64
		{FA9699C2-3B19-4983-96CC-BB9D7FB5B6C4}.Release|x86.ActiveCfg = Release|Win32
		{FA9699C2-3B19-4983-96CC-BB9D7FB5B6C4}.Release|x86.Build.0 = Release|Win32
		{FB9F649D-D0EA-43B8-8683-E2A3987105D6}.Debug|x64.ActiveCfg = Debug|x64
		{FB9F649D-D0EA-43B8-8683-E2A3987105D6}.Debug|x64.Build.0 = Debug|x64
		{FB9F649D-D0EA-43B8-8683-E2A3987105D6}.Debug|x86.ActiveCfg = Debug|Win32
		{FB9F649D-D0EA-43B8-8683-E2A3987105D6}.Debug|x86.Build.0 = Debug|Win32
		{FB9F649D-D0EA-43B8-8683-E2A3987105D6}.Release|x64.ActiveCfg = Release|x64
		{FB9F649D-D0EA-43B8-8683-E2A3987105D6}.Release|x64.Build.0 = Release|x64
		{FB9F649D-D0EA-43B8-8683-E2A3987105D6}.Release|x86.ActiveCfg = Release|Win32
		{FB9F649D-D0EA-43B8-8683-E2A3987105D6}.Release|x86.Build.0 = Release|Win32
		{CA70A8B3-16F7-4448-AD34-22C231CF4A11}.Debug|x64.ActiveCfg = Debug|x64
		{CA70A8B3-16F7-4448-AD34-22C231CF4A11}.Debug|x64.Build.0 = Debug|x64
		{CA70A8B3-16F7-4448-AD34-22C231CF4A11}.Debug|x86.ActiveCfg = Debug|Win32
		{CA70A8B3-16F7-4448-AD34-22C231CF4A11}.Debug|x86.Build.0 = Debug|Win32
		{CA70A8B3-16F7-4448-AD34-22C231CF4A11}.Release|x64.ActiveCfg = Release|x64
		{CA70A8B3-16F7-4448-AD34-22C231CF4A11}.Release|x64.Build.0 = Release|x64
		{CA70A8B3-16F7-4448-AD34-22C231CF4A11}.Release|x86.ActiveCfg = Release|Win32
		{CA70A8B3-16F7-4448-AD34-22C231CF4A11}.Release|x86.Build.0 = Release|Win32
		{B3E0022F-9072-43F7-BDDA-B3CA6AEFD831}.Debug|x64.ActiveCfg = Debug|x64
		{B3E0022F-9072-43F7-BDDA-B3CA6AEFD831}.Debug|x64.Build.0 = Debug|x64
		{B3E0022F-9072-43F7-BDDA-B3CA6AEFD831}.Debug|x86.ActiveCfg = Debug|Win32
		{B3E0022F-9072-43F7-BDDA-B3CA6AEFD831}.Debug|x86.Build.0 = Debug|Win32
		{B3E0022F-9072-43F7-BDDA-B3CA6AEFD831}.Release|x64.ActiveCfg = Release|x64
		{B3E0022F-9072-43F7-BDDA-B3CA6AEFD831}.Release|x64.Build.0 = Release|x64
		{B3E0022F-9072-43F7-BDDA-B3CA6AEFD831}.Release|x86.ActiveCfg = Release|Win32
		{B3E0022F-9072-43F7-BDDA-B3CA6AEFD831}.Release|x86.Build.0 = Release|Win32
		{2785F845-4C9F-4DCD-8917-CC5DD48405AD}.Debug|x64.ActiveCfg = Debug|x64
		{2785F845-4C9F-4DCD-8917-CC5DD48405AD}.Debug|x64.Build.0 = Debug|x64
		{2785F845-4C9F-4DCD-8917-CC5DD48405AD}.Debug|x86.ActiveCfg = Debug|Win32
		{2785F845-4C9F-4DCD-8917-CC5DD48405AD}.Debug|x86.Build.0 = Debug|Win32
		{2785F845-4C9F-4DCD-8917-CC5DD48405AD}.Release|x64.ActiveCfg = Release|x64
		{2785F845-4C9F-4DCD-8917-CC5DD48405AD}.Release|x64.Build.0 = Release|x64
		{2785F845-4C9F-4DCD-8917-CC5DD48405AD}.Release|x86.ActiveCfg = Release|Win32
		{2785F845-4C9F-4DCD-8917-CC5DD48405AD}.Release|x86.Build.0 = Release|Win32
		{0872717B-11D2-40D6-960B-EE7E8E78DAA7}.Debug|x64.ActiveCfg = Debug|x64
		{0872717B-11D2-40D6-960B-EE7E8E78DAA7}.Debug|x64.Build.0 = Debug|x64
		{0872717B-11D2-40D6-960B-EE7E8E78DAA7}.Debug|x86.ActiveCfg = Debug|Win32
		{0872717B-11D2-40D6-960B-EE7E8E78DAA7}.Debug|x86.Build.0 = Debug|Win32
		{0872717B-11D2-40D6-960B-EE7E8E78DAA7}.Release|x64.ActiveCfg = Release|x64
		{0872717B-11D2-40D6-960B-EE7E8E78DAA7}.Release|x64.Build.0 = Release|x64
		{0872717B-11D2-40D6-960B-EE7E8E78DAA7}.Release|x86.ActiveCfg = Release|Win32
		{0872717B-11D2-40D6-960B-EE7E8E78DAA7}.Release|x86.Build.0 = Release|Win32
		{E909C6A7-0072-44EF-B507-EF2C15F3EE33}.Debug|x64.ActiveCfg = Debug|x64
		{E909C6A7-0072-44EF-B507-EF2C15F3EE33}.Debug|x64.Build.0 = Debug|x64
		{E909C6A7-0072-44EF-B507-EF2C15F3EE33}.Debug|x86.ActiveCfg = Debug|Win32
		{E909C6A7-0072-44EF-B507-EF2C15F3EE33}.Debug|x86.Build.0 = Debug|Win32
		{E909C6A7-0072-44EF-B507-EF2C15F3EE33}.Release|x64.ActiveCfg = Release|x64
		{E909C6A7-0072-44EF-B507-EF2C15F3EE33}.Release|x64.Build.0 = Release|x64
		{E909C6A7-0072-44EF-B507-EF2C15F3EE33}.Release|x86.ActiveCfg = Release|Win32
		{E909C6A7-0072-44EF-B507-EF2C15F3EE33}.Release|x86.Build.0 = Release|Win32
		{BD2DE578-3174-41C5-9B2C-8AD7C360E7C2}.Debug|x64.ActiveCfg = Debug|x64
		{BD2DE578-3174-41C5-9B2C-8AD7C360E7C2}.Debug|x64.Build.0 = Debug|x64
		{BD2DE578-3174-41C5-9B2C-8AD7C360E7C2}.Debug|x86.ActiveCfg = Debug|Win32
		{BD2DE578-3174-41C5-9B2C-8AD7C360E7C2}.Debug|x86.Build.0 = Debug|Win32
		{BD2DE578-3174-41C5-9B2C-8AD7C360E7C2}.Release|x64.ActiveCfg = Release|x64
		{BD2DE578-3174-41C5-9B2C-8AD7C360E7C2}.Release|x64.Build.0 = Release|x64
		{BD2DE578-3174-41C5-9B2C-8AD7C360E7C2}.Release|x86.ActiveCfg = Release|Win32
		{BD2DE578-3174-41C5-9B2C-8AD7C360E7C2}.Release|x86.Build.0 = Release|Win32
		{2BF6E020-333D-4021-AF25-3775AF019E44}.Debug|x64.ActiveCfg = Debug|x64
		{2BF6E020-333D-4021-AF25-3775AF019E44}.Debug|x64.Build.0 = Debug|x64
		{2BF6E020-333D-4021-AF25-3775AF019E44}.Debug|x86.ActiveCfg = Debug|Win32
		{2BF6E020-333D-4021-AF25-3775AF019E44}.Debug|x86.Build.0 = Debug|Win32
		{2BF6E020-333D-4021-AF25-3775AF019E44}.Release|x64.ActiveCfg = Release|x64
		{2BF6E020-333D-4021-AF25-3775AF019E44}.Release|x64.Build.0 = Release|x64
		{2BF6E020-333D-4021-AF25-3775AF019E44}.Release|x86.ActiveCfg = Release|Win32
		{2BF6E020-333D-4021-AF25-3775AF019E44}.Release|x86.Build.0 = Release|Win32
		{3A9D0D06-5CE1-4D67-B448-2356820E8381}.Debug|x64.ActiveCfg = Debug|x64
		{3A9D0D06-5CE1-4D67-B448-2356820E8381}.Debug|x64.Build.0 = Debug|x64
		{3A9D0D06-5CE1-4D67-B448-2356820E8381}.Debug|x86.ActiveCfg = Debug|Win32
		{3A9D0D06-5CE1-4D67-B448-2356820E8381}.Debug|x86.Build.0 = Debug|Win32
		{3A9D0D06-5CE1-4D67-B448-2356820E8381}.Release|x64.ActiveCfg = Release|x64
		{3A9D0D06-5CE1-4D67-B448-2356820E8381}.Release|x64.Build.0 = Release|x64
		{3A9D0D06-5CE1-4D67-B448-2356820E8381}.Release|x86.ActiveCfg = Release|Win32
		{3A9D0D06-5CE1-4D67-B448-2356820E8381}.Release|x86.Build.0 = Release|Win32
		{9F617092-47F5-49E6-AE21-ECD74900929E}.Debug|x64.ActiveCfg = Debug|x64
		{9F617092-47F5-49E6-AE21-ECD74900929E}.Debug|x64.Build.0 = Debug|x64
		{9F617092-47F5-49E6-AE21-ECD74900929E}.Debug|x86.ActiveCfg = Debug|Win32
		{9F617092-47F5-49E6-AE21-ECD74900929E}.Debug|x86.Build.0 = Debug|Win32
		{9F617092-47F5-49E6-AE21-ECD74900929E}.Release|x64.ActiveCfg = Release|x64
		{9F617092-47F5-49E6-AE21-ECD74900929E}.Release|x64.Build.0 = Release|x64
		{9F617092-47F5-49E6-AE21-ECD74900929E}.Release|x86.ActiveCfg = Release|Win32
		{9F617092-47F5-49E6-AE21-ECD74900929E}.Release|x86.Build.0 = Release|Win32
	EndGlobalSection
	GlobalSection(SolutionProperties) = preSolution
		HideSolutionNode = FALSE
	EndGlobalSection
	GlobalSection(ExtensibilityGlobals) = postSolution
		SolutionGuid = {DE463D5F-ABD1-4E20-8A28-B36F30680802}
	EndGlobalSection
EndGlobal
