
Microsoft Visual Studio Solution File, Format Version 12.00
# Visual Studio Version 16
VisualStudioVersion = 16.0.31911.196
MinimumVisualStudioVersion = 10.0.40219.1
Project("{8BC9CEB8-8B4A-11D0-8D11-00A0C91BC942}") = "Diff_Queries", "Sprint_3\Sprint_3.vcxproj", "{31447427-C601-49D5-A3DF-130E72E313B6}"
EndProject
Project("{8BC9CEB8-8B4A-11D0-8D11-00A0C91BC942}") = "L_2_bicycles", "L_2_bicycles\L_2_bicycles.vcxproj", "{0FFE8AB3-A173-4448-9A14-4D3531D4CBCA}"
EndProject
Project("{8BC9CEB8-8B4A-11D0-8D11-00A0C91BC942}") = "A_Parentheses_Generator", "A_Parentheses_Generator\A_Parentheses_Generator.vcxproj", "{D94E3A1E-1F36-4C1B-9713-9724741671A5}"
EndProject
Project("{8BC9CEB8-8B4A-11D0-8D11-00A0C91BC942}") = "B_Combinations", "B_Combinations\B_Combinations.vcxproj", "{B372D1CD-E008-4EB4-B383-44E3754523EB}"
EndProject
Project("{8BC9CEB8-8B4A-11D0-8D11-00A0C91BC942}") = "J_Bubble_Sort", "J_Bubble_Sort\J_Bubble_Sort.vcxproj", "{1EB629C7-159E-4C69-8EF4-A06B0029DFD4}"
EndProject
Project("{8BC9CEB8-8B4A-11D0-8D11-00A0C91BC942}") = "H_Big_Number", "H_Big_Number\H_Big_Number.vcxproj", "{BA80F4AC-6702-487F-9C40-E954FD8F3AA1}"
EndProject
Project("{8BC9CEB8-8B4A-11D0-8D11-00A0C91BC942}") = "N_Flower_Bed", "N_Flower_Bed\N_Flower_Bed.vcxproj", "{A24EE103-2F95-4781-88F3-2044898464B2}"
EndProject
Project("{8BC9CEB8-8B4A-11D0-8D11-00A0C91BC942}") = "C_Subsequence", "C_Subsequence\C_Subsequence.vcxproj", "{D0982405-410B-4EE4-B718-FF5E90AD3D56}"
EndProject
Project("{8BC9CEB8-8B4A-11D0-8D11-00A0C91BC942}") = "D_Assign_Cookies", "D_Assign_Cookies\D_Assign_Cookies.vcxproj", "{139464D3-E73A-4832-B6DC-79DA1DD06D4E}"
EndProject
Project("{8BC9CEB8-8B4A-11D0-8D11-00A0C91BC942}") = "E_Buying_houses", "E_Buying_houses\E_Buying_houses.vcxproj", "{4B762355-2376-46AB-9DCE-E2A172D270D4}"
EndProject
Project("{8BC9CEB8-8B4A-11D0-8D11-00A0C91BC942}") = "F_Triangle_Perimeter", "F_Triangle_Perimeter\F_Triangle_Perimeter.vcxproj", "{49AF1DE2-BEE5-4562-A5DC-636942B22185}"
EndProject
Project("{8BC9CEB8-8B4A-11D0-8D11-00A0C91BC942}") = "G_Wardrobe", "G_Wardrobe\G_Wardrobe.vcxproj", "{90A6E40A-B29F-4F23-8CAB-801D5AA35161}"
EndProject
Project("{8BC9CEB8-8B4A-11D0-8D11-00A0C91BC942}") = "I_Conference_Lovers", "I_Conference_Lovers\I_Conference_Lovers.vcxproj", "{33E736DA-96E4-4B77-A866-F285D2B8D8BD}"
EndProject
Project("{8BC9CEB8-8B4A-11D0-8D11-00A0C91BC942}") = "K_Merge_Sort", "K_Merge_Sort\K_Merge_Sort.vcxproj", "{43AF112E-AD1F-4179-AE73-8EC07A396F46}"
EndProject
Project("{8BC9CEB8-8B4A-11D0-8D11-00A0C91BC942}") = "M_Golden_Middle", "M_Golden_Middle\M_Golden_Middle.vcxproj", "{8D257961-19B0-463D-875E-7145F830FEC9}"
EndProject
Project("{8BC9CEB8-8B4A-11D0-8D11-00A0C91BC942}") = "O_Difference_of_Trash_Indices", "O_Difference_of_Trash_Indices\O_Difference_of_Trash_Indices.vcxproj", "{13326422-C218-48ED-B417-B5EC7675C958}"
EndProject
Project("{8BC9CEB8-8B4A-11D0-8D11-00A0C91BC942}") = "P_Partial_Sort", "P_Partial_Sort\P_Partial_Sort.vcxproj", "{0BC01A7B-9B46-4C41-B15C-4F5CAB36C7F7}"
EndProject
Project("{8BC9CEB8-8B4A-11D0-8D11-00A0C91BC942}") = "Q_Final_Task_1", "Q_Final_Task_1\Q_Final_Task_1.vcxproj", "{40175058-DFB7-4555-B4CC-E463A94C4F09}"
EndProject
Project("{8BC9CEB8-8B4A-11D0-8D11-00A0C91BC942}") = "R_Final_Task_2", "R_Final_Task_2\R_Final_Task_2.vcxproj", "{B23D83ED-0D50-438E-89A8-926CF5C0B843}"
EndProject
Global
	GlobalSection(SolutionConfigurationPlatforms) = preSolution
		Debug|x64 = Debug|x64
		Debug|x86 = Debug|x86
		Release|x64 = Release|x64
		Release|x86 = Release|x86
	EndGlobalSection
	GlobalSection(ProjectConfigurationPlatforms) = postSolution
		{31447427-C601-49D5-A3DF-130E72E313B6}.Debug|x64.ActiveCfg = Debug|x64
		{31447427-C601-49D5-A3DF-130E72E313B6}.Debug|x64.Build.0 = Debug|x64
		{31447427-C601-49D5-A3DF-130E72E313B6}.Debug|x86.ActiveCfg = Debug|Win32
		{31447427-C601-49D5-A3DF-130E72E313B6}.Debug|x86.Build.0 = Debug|Win32
		{31447427-C601-49D5-A3DF-130E72E313B6}.Release|x64.ActiveCfg = Release|x64
		{31447427-C601-49D5-A3DF-130E72E313B6}.Release|x64.Build.0 = Release|x64
		{31447427-C601-49D5-A3DF-130E72E313B6}.Release|x86.ActiveCfg = Release|Win32
		{31447427-C601-49D5-A3DF-130E72E313B6}.Release|x86.Build.0 = Release|Win32
		{0FFE8AB3-A173-4448-9A14-4D3531D4CBCA}.Debug|x64.ActiveCfg = Debug|x64
		{0FFE8AB3-A173-4448-9A14-4D3531D4CBCA}.Debug|x64.Build.0 = Debug|x64
		{0FFE8AB3-A173-4448-9A14-4D3531D4CBCA}.Debug|x86.ActiveCfg = Debug|Win32
		{0FFE8AB3-A173-4448-9A14-4D3531D4CBCA}.Debug|x86.Build.0 = Debug|Win32
		{0FFE8AB3-A173-4448-9A14-4D3531D4CBCA}.Release|x64.ActiveCfg = Release|x64
		{0FFE8AB3-A173-4448-9A14-4D3531D4CBCA}.Release|x64.Build.0 = Release|x64
		{0FFE8AB3-A173-4448-9A14-4D3531D4CBCA}.Release|x86.ActiveCfg = Release|Win32
		{0FFE8AB3-A173-4448-9A14-4D3531D4CBCA}.Release|x86.Build.0 = Release|Win32
		{D94E3A1E-1F36-4C1B-9713-9724741671A5}.Debug|x64.ActiveCfg = Debug|x64
		{D94E3A1E-1F36-4C1B-9713-9724741671A5}.Debug|x64.Build.0 = Debug|x64
		{D94E3A1E-1F36-4C1B-9713-9724741671A5}.Debug|x86.ActiveCfg = Debug|Win32
		{D94E3A1E-1F36-4C1B-9713-9724741671A5}.Debug|x86.Build.0 = Debug|Win32
		{D94E3A1E-1F36-4C1B-9713-9724741671A5}.Release|x64.ActiveCfg = Release|x64
		{D94E3A1E-1F36-4C1B-9713-9724741671A5}.Release|x64.Build.0 = Release|x64
		{D94E3A1E-1F36-4C1B-9713-9724741671A5}.Release|x86.ActiveCfg = Release|Win32
		{D94E3A1E-1F36-4C1B-9713-9724741671A5}.Release|x86.Build.0 = Release|Win32
		{B372D1CD-E008-4EB4-B383-44E3754523EB}.Debug|x64.ActiveCfg = Debug|x64
		{B372D1CD-E008-4EB4-B383-44E3754523EB}.Debug|x64.Build.0 = Debug|x64
		{B372D1CD-E008-4EB4-B383-44E3754523EB}.Debug|x86.ActiveCfg = Debug|Win32
		{B372D1CD-E008-4EB4-B383-44E3754523EB}.Debug|x86.Build.0 = Debug|Win32
		{B372D1CD-E008-4EB4-B383-44E3754523EB}.Release|x64.ActiveCfg = Release|x64
		{B372D1CD-E008-4EB4-B383-44E3754523EB}.Release|x64.Build.0 = Release|x64
		{B372D1CD-E008-4EB4-B383-44E3754523EB}.Release|x86.ActiveCfg = Release|Win32
		{B372D1CD-E008-4EB4-B383-44E3754523EB}.Release|x86.Build.0 = Release|Win32
		{1EB629C7-159E-4C69-8EF4-A06B0029DFD4}.Debug|x64.ActiveCfg = Debug|x64
		{1EB629C7-159E-4C69-8EF4-A06B0029DFD4}.Debug|x64.Build.0 = Debug|x64
		{1EB629C7-159E-4C69-8EF4-A06B0029DFD4}.Debug|x86.ActiveCfg = Debug|Win32
		{1EB629C7-159E-4C69-8EF4-A06B0029DFD4}.Debug|x86.Build.0 = Debug|Win32
		{1EB629C7-159E-4C69-8EF4-A06B0029DFD4}.Release|x64.ActiveCfg = Release|x64
		{1EB629C7-159E-4C69-8EF4-A06B0029DFD4}.Release|x64.Build.0 = Release|x64
		{1EB629C7-159E-4C69-8EF4-A06B0029DFD4}.Release|x86.ActiveCfg = Release|Win32
		{1EB629C7-159E-4C69-8EF4-A06B0029DFD4}.Release|x86.Build.0 = Release|Win32
		{BA80F4AC-6702-487F-9C40-E954FD8F3AA1}.Debug|x64.ActiveCfg = Debug|x64
		{BA80F4AC-6702-487F-9C40-E954FD8F3AA1}.Debug|x64.Build.0 = Debug|x64
		{BA80F4AC-6702-487F-9C40-E954FD8F3AA1}.Debug|x86.ActiveCfg = Debug|Win32
		{BA80F4AC-6702-487F-9C40-E954FD8F3AA1}.Debug|x86.Build.0 = Debug|Win32
		{BA80F4AC-6702-487F-9C40-E954FD8F3AA1}.Release|x64.ActiveCfg = Release|x64
		{BA80F4AC-6702-487F-9C40-E954FD8F3AA1}.Release|x64.Build.0 = Release|x64
		{BA80F4AC-6702-487F-9C40-E954FD8F3AA1}.Release|x86.ActiveCfg = Release|Win32
		{BA80F4AC-6702-487F-9C40-E954FD8F3AA1}.Release|x86.Build.0 = Release|Win32
		{A24EE103-2F95-4781-88F3-2044898464B2}.Debug|x64.ActiveCfg = Debug|x64
		{A24EE103-2F95-4781-88F3-2044898464B2}.Debug|x64.Build.0 = Debug|x64
		{A24EE103-2F95-4781-88F3-2044898464B2}.Debug|x86.ActiveCfg = Debug|Win32
		{A24EE103-2F95-4781-88F3-2044898464B2}.Debug|x86.Build.0 = Debug|Win32
		{A24EE103-2F95-4781-88F3-2044898464B2}.Release|x64.ActiveCfg = Release|x64
		{A24EE103-2F95-4781-88F3-2044898464B2}.Release|x64.Build.0 = Release|x64
		{A24EE103-2F95-4781-88F3-2044898464B2}.Release|x86.ActiveCfg = Release|Win32
		{A24EE103-2F95-4781-88F3-2044898464B2}.Release|x86.Build.0 = Release|Win32
		{D0982405-410B-4EE4-B718-FF5E90AD3D56}.Debug|x64.ActiveCfg = Debug|x64
		{D0982405-410B-4EE4-B718-FF5E90AD3D56}.Debug|x64.Build.0 = Debug|x64
		{D0982405-410B-4EE4-B718-FF5E90AD3D56}.Debug|x86.ActiveCfg = Debug|Win32
		{D0982405-410B-4EE4-B718-FF5E90AD3D56}.Debug|x86.Build.0 = Debug|Win32
		{D0982405-410B-4EE4-B718-FF5E90AD3D56}.Release|x64.ActiveCfg = Release|x64
		{D0982405-410B-4EE4-B718-FF5E90AD3D56}.Release|x64.Build.0 = Release|x64
		{D0982405-410B-4EE4-B718-FF5E90AD3D56}.Release|x86.ActiveCfg = Release|Win32
		{D0982405-410B-4EE4-B718-FF5E90AD3D56}.Release|x86.Build.0 = Release|Win32
		{139464D3-E73A-4832-B6DC-79DA1DD06D4E}.Debug|x64.ActiveCfg = Debug|x64
		{139464D3-E73A-4832-B6DC-79DA1DD06D4E}.Debug|x64.Build.0 = Debug|x64
		{139464D3-E73A-4832-B6DC-79DA1DD06D4E}.Debug|x86.ActiveCfg = Debug|Win32
		{139464D3-E73A-4832-B6DC-79DA1DD06D4E}.Debug|x86.Build.0 = Debug|Win32
		{139464D3-E73A-4832-B6DC-79DA1DD06D4E}.Release|x64.ActiveCfg = Release|x64
		{139464D3-E73A-4832-B6DC-79DA1DD06D4E}.Release|x64.Build.0 = Release|x64
		{139464D3-E73A-4832-B6DC-79DA1DD06D4E}.Release|x86.ActiveCfg = Release|Win32
		{139464D3-E73A-4832-B6DC-79DA1DD06D4E}.Release|x86.Build.0 = Release|Win32
		{4B762355-2376-46AB-9DCE-E2A172D270D4}.Debug|x64.ActiveCfg = Debug|x64
		{4B762355-2376-46AB-9DCE-E2A172D270D4}.Debug|x64.Build.0 = Debug|x64
		{4B762355-2376-46AB-9DCE-E2A172D270D4}.Debug|x86.ActiveCfg = Debug|Win32
		{4B762355-2376-46AB-9DCE-E2A172D270D4}.Debug|x86.Build.0 = Debug|Win32
		{4B762355-2376-46AB-9DCE-E2A172D270D4}.Release|x64.ActiveCfg = Release|x64
		{4B762355-2376-46AB-9DCE-E2A172D270D4}.Release|x64.Build.0 = Release|x64
		{4B762355-2376-46AB-9DCE-E2A172D270D4}.Release|x86.ActiveCfg = Release|Win32
		{4B762355-2376-46AB-9DCE-E2A172D270D4}.Release|x86.Build.0 = Release|Win32
		{49AF1DE2-BEE5-4562-A5DC-636942B22185}.Debug|x64.ActiveCfg = Debug|x64
		{49AF1DE2-BEE5-4562-A5DC-636942B22185}.Debug|x64.Build.0 = Debug|x64
		{49AF1DE2-BEE5-4562-A5DC-636942B22185}.Debug|x86.ActiveCfg = Debug|Win32
		{49AF1DE2-BEE5-4562-A5DC-636942B22185}.Debug|x86.Build.0 = Debug|Win32
		{49AF1DE2-BEE5-4562-A5DC-636942B22185}.Release|x64.ActiveCfg = Release|x64
		{49AF1DE2-BEE5-4562-A5DC-636942B22185}.Release|x64.Build.0 = Release|x64
		{49AF1DE2-BEE5-4562-A5DC-636942B22185}.Release|x86.ActiveCfg = Release|Win32
		{49AF1DE2-BEE5-4562-A5DC-636942B22185}.Release|x86.Build.0 = Release|Win32
		{90A6E40A-B29F-4F23-8CAB-801D5AA35161}.Debug|x64.ActiveCfg = Debug|x64
		{90A6E40A-B29F-4F23-8CAB-801D5AA35161}.Debug|x64.Build.0 = Debug|x64
		{90A6E40A-B29F-4F23-8CAB-801D5AA35161}.Debug|x86.ActiveCfg = Debug|Win32
		{90A6E40A-B29F-4F23-8CAB-801D5AA35161}.Debug|x86.Build.0 = Debug|Win32
		{90A6E40A-B29F-4F23-8CAB-801D5AA35161}.Release|x64.ActiveCfg = Release|x64
		{90A6E40A-B29F-4F23-8CAB-801D5AA35161}.Release|x64.Build.0 = Release|x64
		{90A6E40A-B29F-4F23-8CAB-801D5AA35161}.Release|x86.ActiveCfg = Release|Win32
		{90A6E40A-B29F-4F23-8CAB-801D5AA35161}.Release|x86.Build.0 = Release|Win32
		{33E736DA-96E4-4B77-A866-F285D2B8D8BD}.Debug|x64.ActiveCfg = Debug|x64
		{33E736DA-96E4-4B77-A866-F285D2B8D8BD}.Debug|x64.Build.0 = Debug|x64
		{33E736DA-96E4-4B77-A866-F285D2B8D8BD}.Debug|x86.ActiveCfg = Debug|Win32
		{33E736DA-96E4-4B77-A866-F285D2B8D8BD}.Debug|x86.Build.0 = Debug|Win32
		{33E736DA-96E4-4B77-A866-F285D2B8D8BD}.Release|x64.ActiveCfg = Release|x64
		{33E736DA-96E4-4B77-A866-F285D2B8D8BD}.Release|x64.Build.0 = Release|x64
		{33E736DA-96E4-4B77-A866-F285D2B8D8BD}.Release|x86.ActiveCfg = Release|Win32
		{33E736DA-96E4-4B77-A866-F285D2B8D8BD}.Release|x86.Build.0 = Release|Win32
		{43AF112E-AD1F-4179-AE73-8EC07A396F46}.Debug|x64.ActiveCfg = Debug|x64
		{43AF112E-AD1F-4179-AE73-8EC07A396F46}.Debug|x64.Build.0 = Debug|x64
		{43AF112E-AD1F-4179-AE73-8EC07A396F46}.Debug|x86.ActiveCfg = Debug|Win32
		{43AF112E-AD1F-4179-AE73-8EC07A396F46}.Debug|x86.Build.0 = Debug|Win32
		{43AF112E-AD1F-4179-AE73-8EC07A396F46}.Release|x64.ActiveCfg = Release|x64
		{43AF112E-AD1F-4179-AE73-8EC07A396F46}.Release|x64.Build.0 = Release|x64
		{43AF112E-AD1F-4179-AE73-8EC07A396F46}.Release|x86.ActiveCfg = Release|Win32
		{43AF112E-AD1F-4179-AE73-8EC07A396F46}.Release|x86.Build.0 = Release|Win32
		{8D257961-19B0-463D-875E-7145F830FEC9}.Debug|x64.ActiveCfg = Debug|x64
		{8D257961-19B0-463D-875E-7145F830FEC9}.Debug|x64.Build.0 = Debug|x64
		{8D257961-19B0-463D-875E-7145F830FEC9}.Debug|x86.ActiveCfg = Debug|Win32
		{8D257961-19B0-463D-875E-7145F830FEC9}.Debug|x86.Build.0 = Debug|Win32
		{8D257961-19B0-463D-875E-7145F830FEC9}.Release|x64.ActiveCfg = Release|x64
		{8D257961-19B0-463D-875E-7145F830FEC9}.Release|x64.Build.0 = Release|x64
		{8D257961-19B0-463D-875E-7145F830FEC9}.Release|x86.ActiveCfg = Release|Win32
		{8D257961-19B0-463D-875E-7145F830FEC9}.Release|x86.Build.0 = Release|Win32
		{13326422-C218-48ED-B417-B5EC7675C958}.Debug|x64.ActiveCfg = Debug|x64
		{13326422-C218-48ED-B417-B5EC7675C958}.Debug|x64.Build.0 = Debug|x64
		{13326422-C218-48ED-B417-B5EC7675C958}.Debug|x86.ActiveCfg = Debug|Win32
		{13326422-C218-48ED-B417-B5EC7675C958}.Debug|x86.Build.0 = Debug|Win32
		{13326422-C218-48ED-B417-B5EC7675C958}.Release|x64.ActiveCfg = Release|x64
		{13326422-C218-48ED-B417-B5EC7675C958}.Release|x64.Build.0 = Release|x64
		{13326422-C218-48ED-B417-B5EC7675C958}.Release|x86.ActiveCfg = Release|Win32
		{13326422-C218-48ED-B417-B5EC7675C958}.Release|x86.Build.0 = Release|Win32
		{0BC01A7B-9B46-4C41-B15C-4F5CAB36C7F7}.Debug|x64.ActiveCfg = Debug|x64
		{0BC01A7B-9B46-4C41-B15C-4F5CAB36C7F7}.Debug|x64.Build.0 = Debug|x64
		{0BC01A7B-9B46-4C41-B15C-4F5CAB36C7F7}.Debug|x86.ActiveCfg = Debug|Win32
		{0BC01A7B-9B46-4C41-B15C-4F5CAB36C7F7}.Debug|x86.Build.0 = Debug|Win32
		{0BC01A7B-9B46-4C41-B15C-4F5CAB36C7F7}.Release|x64.ActiveCfg = Release|x64
		{0BC01A7B-9B46-4C41-B15C-4F5CAB36C7F7}.Release|x64.Build.0 = Release|x64
		{0BC01A7B-9B46-4C41-B15C-4F5CAB36C7F7}.Release|x86.ActiveCfg = Release|Win32
		{0BC01A7B-9B46-4C41-B15C-4F5CAB36C7F7}.Release|x86.Build.0 = Release|Win32
		{40175058-DFB7-4555-B4CC-E463A94C4F09}.Debug|x64.ActiveCfg = Debug|x64
		{40175058-DFB7-4555-B4CC-E463A94C4F09}.Debug|x64.Build.0 = Debug|x64
		{40175058-DFB7-4555-B4CC-E463A94C4F09}.Debug|x86.ActiveCfg = Debug|Win32
		{40175058-DFB7-4555-B4CC-E463A94C4F09}.Debug|x86.Build.0 = Debug|Win32
		{40175058-DFB7-4555-B4CC-E463A94C4F09}.Release|x64.ActiveCfg = Release|x64
		{40175058-DFB7-4555-B4CC-E463A94C4F09}.Release|x64.Build.0 = Release|x64
		{40175058-DFB7-4555-B4CC-E463A94C4F09}.Release|x86.ActiveCfg = Release|Win32
		{40175058-DFB7-4555-B4CC-E463A94C4F09}.Release|x86.Build.0 = Release|Win32
		{B23D83ED-0D50-438E-89A8-926CF5C0B843}.Debug|x64.ActiveCfg = Debug|x64
		{B23D83ED-0D50-438E-89A8-926CF5C0B843}.Debug|x64.Build.0 = Debug|x64
		{B23D83ED-0D50-438E-89A8-926CF5C0B843}.Debug|x86.ActiveCfg = Debug|Win32
		{B23D83ED-0D50-438E-89A8-926CF5C0B843}.Debug|x86.Build.0 = Debug|Win32
		{B23D83ED-0D50-438E-89A8-926CF5C0B843}.Release|x64.ActiveCfg = Release|x64
		{B23D83ED-0D50-438E-89A8-926CF5C0B843}.Release|x64.Build.0 = Release|x64
		{B23D83ED-0D50-438E-89A8-926CF5C0B843}.Release|x86.ActiveCfg = Release|Win32
		{B23D83ED-0D50-438E-89A8-926CF5C0B843}.Release|x86.Build.0 = Release|Win32
	EndGlobalSection
	GlobalSection(SolutionProperties) = preSolution
		HideSolutionNode = FALSE
	EndGlobalSection
	GlobalSection(ExtensibilityGlobals) = postSolution
		SolutionGuid = {99A298E5-29F2-4E45-B827-28376883B9DD}
	EndGlobalSection
EndGlobal
