
Microsoft Visual Studio Solution File, Format Version 12.00
# Visual Studio Version 16
VisualStudioVersion = 16.0.31911.196
MinimumVisualStudioVersion = 10.0.40219.1
Project("{8BC9CEB8-8B4A-11D0-8D11-00A0C91BC942}") = "A_Adjacency_List", "A_Adjacency_List\A_Adjacent_List.vcxproj", "{DF0776DC-F00E-4A00-A272-A21B50C471FE}"
EndProject
Project("{8BC9CEB8-8B4A-11D0-8D11-00A0C91BC942}") = "B_Adjacency_Matrix", "B_Adjacency_Matrix\B_Adjacency_Matrix.vcxproj", "{183F6E49-3980-465D-A6F5-F070CF80F7F6}"
EndProject
Project("{8BC9CEB8-8B4A-11D0-8D11-00A0C91BC942}") = "C_DFS", "C_DFS\C_DFS.vcxproj", "{412A57C4-E670-42C1-AF25-E5C569EA3C8B}"
EndProject
Project("{8BC9CEB8-8B4A-11D0-8D11-00A0C91BC942}") = "H_Time_to_Exit", "H_Time_to_Exit\H_Time_to_Exit.vcxproj", "{6AB7058C-64D4-43D2-A5E7-BCC959E4C53D}"
EndProject
Project("{8BC9CEB8-8B4A-11D0-8D11-00A0C91BC942}") = "J_Topological_Sort", "J_Topological_Sort\J_Topological_Sort.vcxproj", "{62E629A0-9884-4CFD-9A2A-5DE93230B4FD}"
EndProject
Project("{8BC9CEB8-8B4A-11D0-8D11-00A0C91BC942}") = "E_Component_Count", "E_Component_Count\E_Component_Count.vcxproj", "{FBC9EFED-BE9F-47ED-B53E-5DCD72B38868}"
EndProject
Project("{8BC9CEB8-8B4A-11D0-8D11-00A0C91BC942}") = "D_BFS", "D_BFS\D_BFS.vcxproj", "{810D1AC8-35AB-4321-883F-67190FA0E0C9}"
EndProject
Project("{8BC9CEB8-8B4A-11D0-8D11-00A0C91BC942}") = "G_Max_Distance", "G_Max_Distance\G_Max_Distance.vcxproj", "{CF81F989-03A7-49A6-9C48-2C22D2128EF4}"
EndProject
Project("{8BC9CEB8-8B4A-11D0-8D11-00A0C91BC942}") = "K_Sights_Dijkstra", "K_Sights_Dijkstra\K_Sights_Dijkstra.vcxproj", "{045A308B-F7AE-4DCE-B8C7-D371B51CC090}"
EndProject
Project("{8BC9CEB8-8B4A-11D0-8D11-00A0C91BC942}") = "L_Complete_Graph", "L_Complete_Graph\L_Complete_Graph.vcxproj", "{7D54B33E-0EB3-4C09-A995-07E820AEF4CD}"
EndProject
Project("{8BC9CEB8-8B4A-11D0-8D11-00A0C91BC942}") = "M_Bipartite_Graph", "M_Bipartite_Graph\M_Bipartite_Graph.vcxproj", "{F02F70B3-A174-411A-8DA2-352930CCC791}"
EndProject
Project("{8BC9CEB8-8B4A-11D0-8D11-00A0C91BC942}") = "N_Final_1", "N_Final_1\N_Final_1.vcxproj", "{BC2DEB9C-3337-49F8-99E6-161183A6CA34}"
EndProject
Project("{8BC9CEB8-8B4A-11D0-8D11-00A0C91BC942}") = "O_Final_2", "O_Final_2\O_Final_2.vcxproj", "{DB294399-9614-40C4-891C-22212EEFF3E4}"
EndProject
Project("{8BC9CEB8-8B4A-11D0-8D11-00A0C91BC942}") = "P_Game", "P_Game\P_Game.vcxproj", "{C06CB8D6-6F91-4C24-937A-8997F0B8A2E4}"
EndProject
Global
	GlobalSection(SolutionConfigurationPlatforms) = preSolution
		Debug|x64 = Debug|x64
		Debug|x86 = Debug|x86
		Release|x64 = Release|x64
		Release|x86 = Release|x86
	EndGlobalSection
	GlobalSection(ProjectConfigurationPlatforms) = postSolution
		{DF0776DC-F00E-4A00-A272-A21B50C471FE}.Debug|x64.ActiveCfg = Debug|x64
		{DF0776DC-F00E-4A00-A272-A21B50C471FE}.Debug|x64.Build.0 = Debug|x64
		{DF0776DC-F00E-4A00-A272-A21B50C471FE}.Debug|x86.ActiveCfg = Debug|Win32
		{DF0776DC-F00E-4A00-A272-A21B50C471FE}.Debug|x86.Build.0 = Debug|Win32
		{DF0776DC-F00E-4A00-A272-A21B50C471FE}.Release|x64.ActiveCfg = Release|x64
		{DF0776DC-F00E-4A00-A272-A21B50C471FE}.Release|x64.Build.0 = Release|x64
		{DF0776DC-F00E-4A00-A272-A21B50C471FE}.Release|x86.ActiveCfg = Release|Win32
		{DF0776DC-F00E-4A00-A272-A21B50C471FE}.Release|x86.Build.0 = Release|Win32
		{183F6E49-3980-465D-A6F5-F070CF80F7F6}.Debug|x64.ActiveCfg = Debug|x64
		{183F6E49-3980-465D-A6F5-F070CF80F7F6}.Debug|x64.Build.0 = Debug|x64
		{183F6E49-3980-465D-A6F5-F070CF80F7F6}.Debug|x86.ActiveCfg = Debug|Win32
		{183F6E49-3980-465D-A6F5-F070CF80F7F6}.Debug|x86.Build.0 = Debug|Win32
		{183F6E49-3980-465D-A6F5-F070CF80F7F6}.Release|x64.ActiveCfg = Release|x64
		{183F6E49-3980-465D-A6F5-F070CF80F7F6}.Release|x64.Build.0 = Release|x64
		{183F6E49-3980-465D-A6F5-F070CF80F7F6}.Release|x86.ActiveCfg = Release|Win32
		{183F6E49-3980-465D-A6F5-F070CF80F7F6}.Release|x86.Build.0 = Release|Win32
		{412A57C4-E670-42C1-AF25-E5C569EA3C8B}.Debug|x64.ActiveCfg = Debug|x64
		{412A57C4-E670-42C1-AF25-E5C569EA3C8B}.Debug|x64.Build.0 = Debug|x64
		{412A57C4-E670-42C1-AF25-E5C569EA3C8B}.Debug|x86.ActiveCfg = Debug|Win32
		{412A57C4-E670-42C1-AF25-E5C569EA3C8B}.Debug|x86.Build.0 = Debug|Win32
		{412A57C4-E670-42C1-AF25-E5C569EA3C8B}.Release|x64.ActiveCfg = Release|x64
		{412A57C4-E670-42C1-AF25-E5C569EA3C8B}.Release|x64.Build.0 = Release|x64
		{412A57C4-E670-42C1-AF25-E5C569EA3C8B}.Release|x86.ActiveCfg = Release|Win32
		{412A57C4-E670-42C1-AF25-E5C569EA3C8B}.Release|x86.Build.0 = Release|Win32
		{6AB7058C-64D4-43D2-A5E7-BCC959E4C53D}.Debug|x64.ActiveCfg = Debug|x64
		{6AB7058C-64D4-43D2-A5E7-BCC959E4C53D}.Debug|x64.Build.0 = Debug|x64
		{6AB7058C-64D4-43D2-A5E7-BCC959E4C53D}.Debug|x86.ActiveCfg = Debug|Win32
		{6AB7058C-64D4-43D2-A5E7-BCC959E4C53D}.Debug|x86.Build.0 = Debug|Win32
		{6AB7058C-64D4-43D2-A5E7-BCC959E4C53D}.Release|x64.ActiveCfg = Release|x64
		{6AB7058C-64D4-43D2-A5E7-BCC959E4C53D}.Release|x64.Build.0 = Release|x64
		{6AB7058C-64D4-43D2-A5E7-BCC959E4C53D}.Release|x86.ActiveCfg = Release|Win32
		{6AB7058C-64D4-43D2-A5E7-BCC959E4C53D}.Release|x86.Build.0 = Release|Win32
		{62E629A0-9884-4CFD-9A2A-5DE93230B4FD}.Debug|x64.ActiveCfg = Debug|x64
		{62E629A0-9884-4CFD-9A2A-5DE93230B4FD}.Debug|x64.Build.0 = Debug|x64
		{62E629A0-9884-4CFD-9A2A-5DE93230B4FD}.Debug|x86.ActiveCfg = Debug|Win32
		{62E629A0-9884-4CFD-9A2A-5DE93230B4FD}.Debug|x86.Build.0 = Debug|Win32
		{62E629A0-9884-4CFD-9A2A-5DE93230B4FD}.Release|x64.ActiveCfg = Release|x64
		{62E629A0-9884-4CFD-9A2A-5DE93230B4FD}.Release|x64.Build.0 = Release|x64
		{62E629A0-9884-4CFD-9A2A-5DE93230B4FD}.Release|x86.ActiveCfg = Release|Win32
		{62E629A0-9884-4CFD-9A2A-5DE93230B4FD}.Release|x86.Build.0 = Release|Win32
		{FBC9EFED-BE9F-47ED-B53E-5DCD72B38868}.Debug|x64.ActiveCfg = Debug|x64
		{FBC9EFED-BE9F-47ED-B53E-5DCD72B38868}.Debug|x64.Build.0 = Debug|x64
		{FBC9EFED-BE9F-47ED-B53E-5DCD72B38868}.Debug|x86.ActiveCfg = Debug|Win32
		{FBC9EFED-BE9F-47ED-B53E-5DCD72B38868}.Debug|x86.Build.0 = Debug|Win32
		{FBC9EFED-BE9F-47ED-B53E-5DCD72B38868}.Release|x64.ActiveCfg = Release|x64
		{FBC9EFED-BE9F-47ED-B53E-5DCD72B38868}.Release|x64.Build.0 = Release|x64
		{FBC9EFED-BE9F-47ED-B53E-5DCD72B38868}.Release|x86.ActiveCfg = Release|Win32
		{FBC9EFED-BE9F-47ED-B53E-5DCD72B38868}.Release|x86.Build.0 = Release|Win32
		{810D1AC8-35AB-4321-883F-67190FA0E0C9}.Debug|x64.ActiveCfg = Debug|x64
		{810D1AC8-35AB-4321-883F-67190FA0E0C9}.Debug|x64.Build.0 = Debug|x64
		{810D1AC8-35AB-4321-883F-67190FA0E0C9}.Debug|x86.ActiveCfg = Debug|Win32
		{810D1AC8-35AB-4321-883F-67190FA0E0C9}.Debug|x86.Build.0 = Debug|Win32
		{810D1AC8-35AB-4321-883F-67190FA0E0C9}.Release|x64.ActiveCfg = Release|x64
		{810D1AC8-35AB-4321-883F-67190FA0E0C9}.Release|x64.Build.0 = Release|x64
		{810D1AC8-35AB-4321-883F-67190FA0E0C9}.Release|x86.ActiveCfg = Release|Win32
		{810D1AC8-35AB-4321-883F-67190FA0E0C9}.Release|x86.Build.0 = Release|Win32
		{CF81F989-03A7-49A6-9C48-2C22D2128EF4}.Debug|x64.ActiveCfg = Debug|x64
		{CF81F989-03A7-49A6-9C48-2C22D2128EF4}.Debug|x64.Build.0 = Debug|x64
		{CF81F989-03A7-49A6-9C48-2C22D2128EF4}.Debug|x86.ActiveCfg = Debug|Win32
		{CF81F989-03A7-49A6-9C48-2C22D2128EF4}.Debug|x86.Build.0 = Debug|Win32
		{CF81F989-03A7-49A6-9C48-2C22D2128EF4}.Release|x64.ActiveCfg = Release|x64
		{CF81F989-03A7-49A6-9C48-2C22D2128EF4}.Release|x64.Build.0 = Release|x64
		{CF81F989-03A7-49A6-9C48-2C22D2128EF4}.Release|x86.ActiveCfg = Release|Win32
		{CF81F989-03A7-49A6-9C48-2C22D2128EF4}.Release|x86.Build.0 = Release|Win32
		{045A308B-F7AE-4DCE-B8C7-D371B51CC090}.Debug|x64.ActiveCfg = Debug|x64
		{045A308B-F7AE-4DCE-B8C7-D371B51CC090}.Debug|x64.Build.0 = Debug|x64
		{045A308B-F7AE-4DCE-B8C7-D371B51CC090}.Debug|x86.ActiveCfg = Debug|Win32
		{045A308B-F7AE-4DCE-B8C7-D371B51CC090}.Debug|x86.Build.0 = Debug|Win32
		{045A308B-F7AE-4DCE-B8C7-D371B51CC090}.Release|x64.ActiveCfg = Release|x64
		{045A308B-F7AE-4DCE-B8C7-D371B51CC090}.Release|x64.Build.0 = Release|x64
		{045A308B-F7AE-4DCE-B8C7-D371B51CC090}.Release|x86.ActiveCfg = Release|Win32
		{045A308B-F7AE-4DCE-B8C7-D371B51CC090}.Release|x86.Build.0 = Release|Win32
		{7D54B33E-0EB3-4C09-A995-07E820AEF4CD}.Debug|x64.ActiveCfg = Debug|x64
		{7D54B33E-0EB3-4C09-A995-07E820AEF4CD}.Debug|x64.Build.0 = Debug|x64
		{7D54B33E-0EB3-4C09-A995-07E820AEF4CD}.Debug|x86.ActiveCfg = Debug|Win32
		{7D54B33E-0EB3-4C09-A995-07E820AEF4CD}.Debug|x86.Build.0 = Debug|Win32
		{7D54B33E-0EB3-4C09-A995-07E820AEF4CD}.Release|x64.ActiveCfg = Release|x64
		{7D54B33E-0EB3-4C09-A995-07E820AEF4CD}.Release|x64.Build.0 = Release|x64
		{7D54B33E-0EB3-4C09-A995-07E820AEF4CD}.Release|x86.ActiveCfg = Release|Win32
		{7D54B33E-0EB3-4C09-A995-07E820AEF4CD}.Release|x86.Build.0 = Release|Win32
		{F02F70B3-A174-411A-8DA2-352930CCC791}.Debug|x64.ActiveCfg = Debug|x64
		{F02F70B3-A174-411A-8DA2-352930CCC791}.Debug|x64.Build.0 = Debug|x64
		{F02F70B3-A174-411A-8DA2-352930CCC791}.Debug|x86.ActiveCfg = Debug|Win32
		{F02F70B3-A174-411A-8DA2-352930CCC791}.Debug|x86.Build.0 = Debug|Win32
		{F02F70B3-A174-411A-8DA2-352930CCC791}.Release|x64.ActiveCfg = Release|x64
		{F02F70B3-A174-411A-8DA2-352930CCC791}.Release|x64.Build.0 = Release|x64
		{F02F70B3-A174-411A-8DA2-352930CCC791}.Release|x86.ActiveCfg = Release|Win32
		{F02F70B3-A174-411A-8DA2-352930CCC791}.Release|x86.Build.0 = Release|Win32
		{BC2DEB9C-3337-49F8-99E6-161183A6CA34}.Debug|x64.ActiveCfg = Debug|x64
		{BC2DEB9C-3337-49F8-99E6-161183A6CA34}.Debug|x64.Build.0 = Debug|x64
		{BC2DEB9C-3337-49F8-99E6-161183A6CA34}.Debug|x86.ActiveCfg = Debug|Win32
		{BC2DEB9C-3337-49F8-99E6-161183A6CA34}.Debug|x86.Build.0 = Debug|Win32
		{BC2DEB9C-3337-49F8-99E6-161183A6CA34}.Release|x64.ActiveCfg = Release|x64
		{BC2DEB9C-3337-49F8-99E6-161183A6CA34}.Release|x64.Build.0 = Release|x64
		{BC2DEB9C-3337-49F8-99E6-161183A6CA34}.Release|x86.ActiveCfg = Release|Win32
		{BC2DEB9C-3337-49F8-99E6-161183A6CA34}.Release|x86.Build.0 = Release|Win32
		{DB294399-9614-40C4-891C-22212EEFF3E4}.Debug|x64.ActiveCfg = Debug|x64
		{DB294399-9614-40C4-891C-22212EEFF3E4}.Debug|x64.Build.0 = Debug|x64
		{DB294399-9614-40C4-891C-22212EEFF3E4}.Debug|x86.ActiveCfg = Debug|Win32
		{DB294399-9614-40C4-891C-22212EEFF3E4}.Debug|x86.Build.0 = Debug|Win32
		{DB294399-9614-40C4-891C-22212EEFF3E4}.Release|x64.ActiveCfg = Release|x64
		{DB294399-9614-40C4-891C-22212EEFF3E4}.Release|x64.Build.0 = Release|x64
		{DB294399-9614-40C4-891C-22212EEFF3E4}.Release|x86.ActiveCfg = Release|Win32
		{DB294399-9614-40C4-891C-22212EEFF3E4}.Release|x86.Build.0 = Release|Win32
		{C06CB8D6-6F91-4C24-937A-8997F0B8A2E4}.Debug|x64.ActiveCfg = Debug|x64
		{C06CB8D6-6F91-4C24-937A-8997F0B8A2E4}.Debug|x64.Build.0 = Debug|x64
		{C06CB8D6-6F91-4C24-937A-8997F0B8A2E4}.Debug|x86.ActiveCfg = Debug|Win32
		{C06CB8D6-6F91-4C24-937A-8997F0B8A2E4}.Debug|x86.Build.0 = Debug|Win32
		{C06CB8D6-6F91-4C24-937A-8997F0B8A2E4}.Release|x64.ActiveCfg = Release|x64
		{C06CB8D6-6F91-4C24-937A-8997F0B8A2E4}.Release|x64.Build.0 = Release|x64
		{C06CB8D6-6F91-4C24-937A-8997F0B8A2E4}.Release|x86.ActiveCfg = Release|Win32
		{C06CB8D6-6F91-4C24-937A-8997F0B8A2E4}.Release|x86.Build.0 = Release|Win32
	EndGlobalSection
	GlobalSection(SolutionProperties) = preSolution
		HideSolutionNode = FALSE
	EndGlobalSection
	GlobalSection(ExtensibilityGlobals) = postSolution
		SolutionGuid = {F6C55350-98F6-4394-828F-EA21440226EE}
	EndGlobalSection
EndGlobal
