
Microsoft Visual Studio Solution File, Format Version 12.00
# Visual Studio Version 16
VisualStudioVersion = 16.0.31911.196
MinimumVisualStudioVersion = 10.0.40219.1
Project("{8BC9CEB8-8B4A-11D0-8D11-00A0C91BC942}") = "A_Exchange", "A_Exchange\A_Exchange.vcxproj", "{D684AA29-4FC1-4137-992B-4AD853D81F4D}"
EndProject
Project("{8BC9CEB8-8B4A-11D0-8D11-00A0C91BC942}") = "B_Schedule", "B_Schedule\B_Schedule.vcxproj", "{A4D897CB-5ABE-43CB-9114-04810150D886}"
EndProject
Project("{8BC9CEB8-8B4A-11D0-8D11-00A0C91BC942}") = "C_Gold_Rush", "C_Gold_Rush\C_Gold_Rush.vcxproj", "{824D40C1-0E20-4127-92F4-DA2FF7A89775}"
EndProject
Project("{8BC9CEB8-8B4A-11D0-8D11-00A0C91BC942}") = "D_Fibonacci_Adults", "D_Fibonacci_Adults\D_Fibonacci_Adults.vcxproj", "{4BC29225-A1FC-4335-9838-1BB250056781}"
EndProject
Project("{8BC9CEB8-8B4A-11D0-8D11-00A0C91BC942}") = "F_Stair_Jumps", "F_Stair_Jumps\F_Stair_Jumps.vcxproj", "{5E13C26D-ED5B-4169-B138-67F3F52E25F6}"
EndProject
Project("{8BC9CEB8-8B4A-11D0-8D11-00A0C91BC942}") = "E_Alla_On_Islands", "E_Alla_On_Islands\E_Alla_On_Islands.vcxproj", "{E8131D37-BD49-46EA-8B49-16F34D90FDD5}"
EndProject
Project("{8BC9CEB8-8B4A-11D0-8D11-00A0C91BC942}") = "H_Field_with_Flowers", "H_Field_with_Flowers\H_Field_with_Flowers.vcxproj", "{4B5A6042-8DC8-4311-9EFD-04B2B4CCB924}"
EndProject
Project("{8BC9CEB8-8B4A-11D0-8D11-00A0C91BC942}") = "G_ATM", "G_ATM\G_ATM.vcxproj", "{00D416D5-72B8-4995-8FDC-3275C1CB87EE}"
EndProject
Project("{8BC9CEB8-8B4A-11D0-8D11-00A0C91BC942}") = "I_Complex_Field_with_Flowers", "I_Complex_Field_with_Flowers\I_Complex_Field_with_Flowers.vcxproj", "{2D6BEFB7-CE1C-42A3-9219-7BD31FD6EAAD}"
EndProject
Project("{8BC9CEB8-8B4A-11D0-8D11-00A0C91BC942}") = "L_Leprecon_Gold", "L_Leprecon_Gold\L_Leprecon_Gold.vcxproj", "{352283FA-7D9E-4DC4-AEDB-6E01219D85EE}"
EndProject
Project("{8BC9CEB8-8B4A-11D0-8D11-00A0C91BC942}") = "M_Knapsack", "M_Knapsack\M_Knapsack.vcxproj", "{4F56F605-DE19-4F95-83BF-99EC096535BB}"
EndProject
Project("{8BC9CEB8-8B4A-11D0-8D11-00A0C91BC942}") = "J_Travel", "J_Travel\J_Travel.vcxproj", "{854EFCED-B09B-4FBD-B93D-1968B13A4EC2}"
EndProject
Project("{8BC9CEB8-8B4A-11D0-8D11-00A0C91BC942}") = "K_Horoscopes", "K_Horoscopes\K_Horoscopes.vcxproj", "{E2C65F7B-804B-4773-842E-4A22F1BDC4DA}"
EndProject
Project("{8BC9CEB8-8B4A-11D0-8D11-00A0C91BC942}") = "N_Gosha_in_Restaurant", "N_Gosha_in_Restaurant\N_Gosha_in_Restaurant.vcxproj", "{7E4C40BB-E527-41D2-BC1D-961D8CA10A59}"
EndProject
Project("{8BC9CEB8-8B4A-11D0-8D11-00A0C91BC942}") = "O_Number_of_Paths", "O_Number_of_Ways\O_Number_of_Ways.vcxproj", "{34B25233-3CDC-44CB-ABA1-F4665ABC918E}"
EndProject
Project("{8BC9CEB8-8B4A-11D0-8D11-00A0C91BC942}") = "R_Final_1", "R_Final_1\R_Final_1.vcxproj", "{B17AD0E8-BA41-49F2-A99E-F954F9674F3A}"
EndProject
Project("{8BC9CEB8-8B4A-11D0-8D11-00A0C91BC942}") = "S_Final_2", "S_Final_2\S_Final_2.vcxproj", "{B673052D-A803-4CAF-A5CE-AE7EA755F31D}"
EndProject
Global
	GlobalSection(SolutionConfigurationPlatforms) = preSolution
		Debug|x64 = Debug|x64
		Debug|x86 = Debug|x86
		Release|x64 = Release|x64
		Release|x86 = Release|x86
	EndGlobalSection
	GlobalSection(ProjectConfigurationPlatforms) = postSolution
		{D684AA29-4FC1-4137-992B-4AD853D81F4D}.Debug|x64.ActiveCfg = Debug|x64
		{D684AA29-4FC1-4137-992B-4AD853D81F4D}.Debug|x64.Build.0 = Debug|x64
		{D684AA29-4FC1-4137-992B-4AD853D81F4D}.Debug|x86.ActiveCfg = Debug|Win32
		{D684AA29-4FC1-4137-992B-4AD853D81F4D}.Debug|x86.Build.0 = Debug|Win32
		{D684AA29-4FC1-4137-992B-4AD853D81F4D}.Release|x64.ActiveCfg = Release|x64
		{D684AA29-4FC1-4137-992B-4AD853D81F4D}.Release|x64.Build.0 = Release|x64
		{D684AA29-4FC1-4137-992B-4AD853D81F4D}.Release|x86.ActiveCfg = Release|Win32
		{D684AA29-4FC1-4137-992B-4AD853D81F4D}.Release|x86.Build.0 = Release|Win32
		{A4D897CB-5ABE-43CB-9114-04810150D886}.Debug|x64.ActiveCfg = Debug|x64
		{A4D897CB-5ABE-43CB-9114-04810150D886}.Debug|x64.Build.0 = Debug|x64
		{A4D897CB-5ABE-43CB-9114-04810150D886}.Debug|x86.ActiveCfg = Debug|Win32
		{A4D897CB-5ABE-43CB-9114-04810150D886}.Debug|x86.Build.0 = Debug|Win32
		{A4D897CB-5ABE-43CB-9114-04810150D886}.Release|x64.ActiveCfg = Release|x64
		{A4D897CB-5ABE-43CB-9114-04810150D886}.Release|x64.Build.0 = Release|x64
		{A4D897CB-5ABE-43CB-9114-04810150D886}.Release|x86.ActiveCfg = Release|Win32
		{A4D897CB-5ABE-43CB-9114-04810150D886}.Release|x86.Build.0 = Release|Win32
		{824D40C1-0E20-4127-92F4-DA2FF7A89775}.Debug|x64.ActiveCfg = Debug|x64
		{824D40C1-0E20-4127-92F4-DA2FF7A89775}.Debug|x64.Build.0 = Debug|x64
		{824D40C1-0E20-4127-92F4-DA2FF7A89775}.Debug|x86.ActiveCfg = Debug|Win32
		{824D40C1-0E20-4127-92F4-DA2FF7A89775}.Debug|x86.Build.0 = Debug|Win32
		{824D40C1-0E20-4127-92F4-DA2FF7A89775}.Release|x64.ActiveCfg = Release|x64
		{824D40C1-0E20-4127-92F4-DA2FF7A89775}.Release|x64.Build.0 = Release|x64
		{824D40C1-0E20-4127-92F4-DA2FF7A89775}.Release|x86.ActiveCfg = Release|Win32
		{824D40C1-0E20-4127-92F4-DA2FF7A89775}.Release|x86.Build.0 = Release|Win32
		{4BC29225-A1FC-4335-9838-1BB250056781}.Debug|x64.ActiveCfg = Debug|x64
		{4BC29225-A1FC-4335-9838-1BB250056781}.Debug|x64.Build.0 = Debug|x64
		{4BC29225-A1FC-4335-9838-1BB250056781}.Debug|x86.ActiveCfg = Debug|Win32
		{4BC29225-A1FC-4335-9838-1BB250056781}.Debug|x86.Build.0 = Debug|Win32
		{4BC29225-A1FC-4335-9838-1BB250056781}.Release|x64.ActiveCfg = Release|x64
		{4BC29225-A1FC-4335-9838-1BB250056781}.Release|x64.Build.0 = Release|x64
		{4BC29225-A1FC-4335-9838-1BB250056781}.Release|x86.ActiveCfg = Release|Win32
		{4BC29225-A1FC-4335-9838-1BB250056781}.Release|x86.Build.0 = Release|Win32
		{5E13C26D-ED5B-4169-B138-67F3F52E25F6}.Debug|x64.ActiveCfg = Debug|x64
		{5E13C26D-ED5B-4169-B138-67F3F52E25F6}.Debug|x64.Build.0 = Debug|x64
		{5E13C26D-ED5B-4169-B138-67F3F52E25F6}.Debug|x86.ActiveCfg = Debug|Win32
		{5E13C26D-ED5B-4169-B138-67F3F52E25F6}.Debug|x86.Build.0 = Debug|Win32
		{5E13C26D-ED5B-4169-B138-67F3F52E25F6}.Release|x64.ActiveCfg = Release|x64
		{5E13C26D-ED5B-4169-B138-67F3F52E25F6}.Release|x64.Build.0 = Release|x64
		{5E13C26D-ED5B-4169-B138-67F3F52E25F6}.Release|x86.ActiveCfg = Release|Win32
		{5E13C26D-ED5B-4169-B138-67F3F52E25F6}.Release|x86.Build.0 = Release|Win32
		{E8131D37-BD49-46EA-8B49-16F34D90FDD5}.Debug|x64.ActiveCfg = Debug|x64
		{E8131D37-BD49-46EA-8B49-16F34D90FDD5}.Debug|x64.Build.0 = Debug|x64
		{E8131D37-BD49-46EA-8B49-16F34D90FDD5}.Debug|x86.ActiveCfg = Debug|Win32
		{E8131D37-BD49-46EA-8B49-16F34D90FDD5}.Debug|x86.Build.0 = Debug|Win32
		{E8131D37-BD49-46EA-8B49-16F34D90FDD5}.Release|x64.ActiveCfg = Release|x64
		{E8131D37-BD49-46EA-8B49-16F34D90FDD5}.Release|x64.Build.0 = Release|x64
		{E8131D37-BD49-46EA-8B49-16F34D90FDD5}.Release|x86.ActiveCfg = Release|Win32
		{E8131D37-BD49-46EA-8B49-16F34D90FDD5}.Release|x86.Build.0 = Release|Win32
		{4B5A6042-8DC8-4311-9EFD-04B2B4CCB924}.Debug|x64.ActiveCfg = Debug|x64
		{4B5A6042-8DC8-4311-9EFD-04B2B4CCB924}.Debug|x64.Build.0 = Debug|x64
		{4B5A6042-8DC8-4311-9EFD-04B2B4CCB924}.Debug|x86.ActiveCfg = Debug|Win32
		{4B5A6042-8DC8-4311-9EFD-04B2B4CCB924}.Debug|x86.Build.0 = Debug|Win32
		{4B5A6042-8DC8-4311-9EFD-04B2B4CCB924}.Release|x64.ActiveCfg = Release|x64
		{4B5A6042-8DC8-4311-9EFD-04B2B4CCB924}.Release|x64.Build.0 = Release|x64
		{4B5A6042-8DC8-4311-9EFD-04B2B4CCB924}.Release|x86.ActiveCfg = Release|Win32
		{4B5A6042-8DC8-4311-9EFD-04B2B4CCB924}.Release|x86.Build.0 = Release|Win32
		{00D416D5-72B8-4995-8FDC-3275C1CB87EE}.Debug|x64.ActiveCfg = Debug|x64
		{00D416D5-72B8-4995-8FDC-3275C1CB87EE}.Debug|x64.Build.0 = Debug|x64
		{00D416D5-72B8-4995-8FDC-3275C1CB87EE}.Debug|x86.ActiveCfg = Debug|Win32
		{00D416D5-72B8-4995-8FDC-3275C1CB87EE}.Debug|x86.Build.0 = Debug|Win32
		{00D416D5-72B8-4995-8FDC-3275C1CB87EE}.Release|x64.ActiveCfg = Release|x64
		{00D416D5-72B8-4995-8FDC-3275C1CB87EE}.Release|x64.Build.0 = Release|x64
		{00D416D5-72B8-4995-8FDC-3275C1CB87EE}.Release|x86.ActiveCfg = Release|Win32
		{00D416D5-72B8-4995-8FDC-3275C1CB87EE}.Release|x86.Build.0 = Release|Win32
		{2D6BEFB7-CE1C-42A3-9219-7BD31FD6EAAD}.Debug|x64.ActiveCfg = Debug|x64
		{2D6BEFB7-CE1C-42A3-9219-7BD31FD6EAAD}.Debug|x64.Build.0 = Debug|x64
		{2D6BEFB7-CE1C-42A3-9219-7BD31FD6EAAD}.Debug|x86.ActiveCfg = Debug|Win32
		{2D6BEFB7-CE1C-42A3-9219-7BD31FD6EAAD}.Debug|x86.Build.0 = Debug|Win32
		{2D6BEFB7-CE1C-42A3-9219-7BD31FD6EAAD}.Release|x64.ActiveCfg = Release|x64
		{2D6BEFB7-CE1C-42A3-9219-7BD31FD6EAAD}.Release|x64.Build.0 = Release|x64
		{2D6BEFB7-CE1C-42A3-9219-7BD31FD6EAAD}.Release|x86.ActiveCfg = Release|Win32
		{2D6BEFB7-CE1C-42A3-9219-7BD31FD6EAAD}.Release|x86.Build.0 = Release|Win32
		{352283FA-7D9E-4DC4-AEDB-6E01219D85EE}.Debug|x64.ActiveCfg = Debug|x64
		{352283FA-7D9E-4DC4-AEDB-6E01219D85EE}.Debug|x64.Build.0 = Debug|x64
		{352283FA-7D9E-4DC4-AEDB-6E01219D85EE}.Debug|x86.ActiveCfg = Debug|Win32
		{352283FA-7D9E-4DC4-AEDB-6E01219D85EE}.Debug|x86.Build.0 = Debug|Win32
		{352283FA-7D9E-4DC4-AEDB-6E01219D85EE}.Release|x64.ActiveCfg = Release|x64
		{352283FA-7D9E-4DC4-AEDB-6E01219D85EE}.Release|x64.Build.0 = Release|x64
		{352283FA-7D9E-4DC4-AEDB-6E01219D85EE}.Release|x86.ActiveCfg = Release|Win32
		{352283FA-7D9E-4DC4-AEDB-6E01219D85EE}.Release|x86.Build.0 = Release|Win32
		{4F56F605-DE19-4F95-83BF-99EC096535BB}.Debug|x64.ActiveCfg = Debug|x64
		{4F56F605-DE19-4F95-83BF-99EC096535BB}.Debug|x64.Build.0 = Debug|x64
		{4F56F605-DE19-4F95-83BF-99EC096535BB}.Debug|x86.ActiveCfg = Debug|Win32
		{4F56F605-DE19-4F95-83BF-99EC096535BB}.Debug|x86.Build.0 = Debug|Win32
		{4F56F605-DE19-4F95-83BF-99EC096535BB}.Release|x64.ActiveCfg = Release|x64
		{4F56F605-DE19-4F95-83BF-99EC096535BB}.Release|x64.Build.0 = Release|x64
		{4F56F605-DE19-4F95-83BF-99EC096535BB}.Release|x86.ActiveCfg = Release|Win32
		{4F56F605-DE19-4F95-83BF-99EC096535BB}.Release|x86.Build.0 = Release|Win32
		{854EFCED-B09B-4FBD-B93D-1968B13A4EC2}.Debug|x64.ActiveCfg = Debug|x64
		{854EFCED-B09B-4FBD-B93D-1968B13A4EC2}.Debug|x64.Build.0 = Debug|x64
		{854EFCED-B09B-4FBD-B93D-1968B13A4EC2}.Debug|x86.ActiveCfg = Debug|Win32
		{854EFCED-B09B-4FBD-B93D-1968B13A4EC2}.Debug|x86.Build.0 = Debug|Win32
		{854EFCED-B09B-4FBD-B93D-1968B13A4EC2}.Release|x64.ActiveCfg = Release|x64
		{854EFCED-B09B-4FBD-B93D-1968B13A4EC2}.Release|x64.Build.0 = Release|x64
		{854EFCED-B09B-4FBD-B93D-1968B13A4EC2}.Release|x86.ActiveCfg = Release|Win32
		{854EFCED-B09B-4FBD-B93D-1968B13A4EC2}.Release|x86.Build.0 = Release|Win32
		{E2C65F7B-804B-4773-842E-4A22F1BDC4DA}.Debug|x64.ActiveCfg = Debug|x64
		{E2C65F7B-804B-4773-842E-4A22F1BDC4DA}.Debug|x64.Build.0 = Debug|x64
		{E2C65F7B-804B-4773-842E-4A22F1BDC4DA}.Debug|x86.ActiveCfg = Debug|Win32
		{E2C65F7B-804B-4773-842E-4A22F1BDC4DA}.Debug|x86.Build.0 = Debug|Win32
		{E2C65F7B-804B-4773-842E-4A22F1BDC4DA}.Release|x64.ActiveCfg = Release|x64
		{E2C65F7B-804B-4773-842E-4A22F1BDC4DA}.Release|x64.Build.0 = Release|x64
		{E2C65F7B-804B-4773-842E-4A22F1BDC4DA}.Release|x86.ActiveCfg = Release|Win32
		{E2C65F7B-804B-4773-842E-4A22F1BDC4DA}.Release|x86.Build.0 = Release|Win32
		{7E4C40BB-E527-41D2-BC1D-961D8CA10A59}.Debug|x64.ActiveCfg = Debug|x64
		{7E4C40BB-E527-41D2-BC1D-961D8CA10A59}.Debug|x64.Build.0 = Debug|x64
		{7E4C40BB-E527-41D2-BC1D-961D8CA10A59}.Debug|x86.ActiveCfg = Debug|Win32
		{7E4C40BB-E527-41D2-BC1D-961D8CA10A59}.Debug|x86.Build.0 = Debug|Win32
		{7E4C40BB-E527-41D2-BC1D-961D8CA10A59}.Release|x64.ActiveCfg = Release|x64
		{7E4C40BB-E527-41D2-BC1D-961D8CA10A59}.Release|x64.Build.0 = Release|x64
		{7E4C40BB-E527-41D2-BC1D-961D8CA10A59}.Release|x86.ActiveCfg = Release|Win32
		{7E4C40BB-E527-41D2-BC1D-961D8CA10A59}.Release|x86.Build.0 = Release|Win32
		{34B25233-3CDC-44CB-ABA1-F4665ABC918E}.Debug|x64.ActiveCfg = Debug|x64
		{34B25233-3CDC-44CB-ABA1-F4665ABC918E}.Debug|x64.Build.0 = Debug|x64
		{34B25233-3CDC-44CB-ABA1-F4665ABC918E}.Debug|x86.ActiveCfg = Debug|Win32
		{34B25233-3CDC-44CB-ABA1-F4665ABC918E}.Debug|x86.Build.0 = Debug|Win32
		{34B25233-3CDC-44CB-ABA1-F4665ABC918E}.Release|x64.ActiveCfg = Release|x64
		{34B25233-3CDC-44CB-ABA1-F4665ABC918E}.Release|x64.Build.0 = Release|x64
		{34B25233-3CDC-44CB-ABA1-F4665ABC918E}.Release|x86.ActiveCfg = Release|Win32
		{34B25233-3CDC-44CB-ABA1-F4665ABC918E}.Release|x86.Build.0 = Release|Win32
		{B17AD0E8-BA41-49F2-A99E-F954F9674F3A}.Debug|x64.ActiveCfg = Debug|x64
		{B17AD0E8-BA41-49F2-A99E-F954F9674F3A}.Debug|x64.Build.0 = Debug|x64
		{B17AD0E8-BA41-49F2-A99E-F954F9674F3A}.Debug|x86.ActiveCfg = Debug|Win32
		{B17AD0E8-BA41-49F2-A99E-F954F9674F3A}.Debug|x86.Build.0 = Debug|Win32
		{B17AD0E8-BA41-49F2-A99E-F954F9674F3A}.Release|x64.ActiveCfg = Release|x64
		{B17AD0E8-BA41-49F2-A99E-F954F9674F3A}.Release|x64.Build.0 = Release|x64
		{B17AD0E8-BA41-49F2-A99E-F954F9674F3A}.Release|x86.ActiveCfg = Release|Win32
		{B17AD0E8-BA41-49F2-A99E-F954F9674F3A}.Release|x86.Build.0 = Release|Win32
		{B673052D-A803-4CAF-A5CE-AE7EA755F31D}.Debug|x64.ActiveCfg = Debug|x64
		{B673052D-A803-4CAF-A5CE-AE7EA755F31D}.Debug|x64.Build.0 = Debug|x64
		{B673052D-A803-4CAF-A5CE-AE7EA755F31D}.Debug|x86.ActiveCfg = Debug|Win32
		{B673052D-A803-4CAF-A5CE-AE7EA755F31D}.Debug|x86.Build.0 = Debug|Win32
		{B673052D-A803-4CAF-A5CE-AE7EA755F31D}.Release|x64.ActiveCfg = Release|x64
		{B673052D-A803-4CAF-A5CE-AE7EA755F31D}.Release|x64.Build.0 = Release|x64
		{B673052D-A803-4CAF-A5CE-AE7EA755F31D}.Release|x86.ActiveCfg = Release|Win32
		{B673052D-A803-4CAF-A5CE-AE7EA755F31D}.Release|x86.Build.0 = Release|Win32
	EndGlobalSection
	GlobalSection(SolutionProperties) = preSolution
		HideSolutionNode = FALSE
	EndGlobalSection
	GlobalSection(ExtensibilityGlobals) = postSolution
		SolutionGuid = {D57D477D-96E1-40A2-ABEA-EBAECCA0F48C}
	EndGlobalSection
EndGlobal
